// !$*UTF8*$!
{
	archiveVersion = 1;
	classes = {
	};
	objectVersion = 45;
	objects = {

/* Begin PBXBuildFile section */
		2B26863F102D7642001D8112 /* _cxcore.h in Headers */ = {isa = PBXBuildFile; fileRef = 2B2685FA102D7642001D8112 /* _cxcore.h */; };
		2B268640102D7642001D8112 /* cv.h in Headers */ = {isa = PBXBuildFile; fileRef = 2B2685FC102D7642001D8112 /* cv.h */; };
		2B268641102D7642001D8112 /* cv.hpp in Headers */ = {isa = PBXBuildFile; fileRef = 2B2685FD102D7642001D8112 /* cv.hpp */; };
		2B268642102D7642001D8112 /* cvaux.h in Headers */ = {isa = PBXBuildFile; fileRef = 2B2685FE102D7642001D8112 /* cvaux.h */; };
		2B268643102D7642001D8112 /* cvaux.hpp in Headers */ = {isa = PBXBuildFile; fileRef = 2B2685FF102D7642001D8112 /* cvaux.hpp */; };
		2B268644102D7642001D8112 /* cvcompat.h in Headers */ = {isa = PBXBuildFile; fileRef = 2B268600102D7642001D8112 /* cvcompat.h */; };
		2B268645102D7642001D8112 /* cvmat.hpp in Headers */ = {isa = PBXBuildFile; fileRef = 2B268601102D7642001D8112 /* cvmat.hpp */; };
		2B268646102D7642001D8112 /* cvstreams.h in Headers */ = {isa = PBXBuildFile; fileRef = 2B268602102D7642001D8112 /* cvstreams.h */; };
		2B268647102D7642001D8112 /* cvtypes.h in Headers */ = {isa = PBXBuildFile; fileRef = 2B268603102D7642001D8112 /* cvtypes.h */; };
		2B268648102D7642001D8112 /* cvver.h in Headers */ = {isa = PBXBuildFile; fileRef = 2B268604102D7642001D8112 /* cvver.h */; };
		2B268649102D7642001D8112 /* cvvidsurv.hpp in Headers */ = {isa = PBXBuildFile; fileRef = 2B268605102D7642001D8112 /* cvvidsurv.hpp */; };
		2B26864A102D7642001D8112 /* cvwimage.h in Headers */ = {isa = PBXBuildFile; fileRef = 2B268606102D7642001D8112 /* cvwimage.h */; };
		2B26864B102D7642001D8112 /* cxalloc.cpp in Sources */ = {isa = PBXBuildFile; fileRef = 2B268607102D7642001D8112 /* cxalloc.cpp */; };
		2B26864C102D7642001D8112 /* cxcore.h in Headers */ = {isa = PBXBuildFile; fileRef = 2B268608102D7642001D8112 /* cxcore.h */; };
		2B26864D102D7642001D8112 /* cxcore.hpp in Headers */ = {isa = PBXBuildFile; fileRef = 2B268609102D7642001D8112 /* cxcore.hpp */; };
		2B26864E102D7642001D8112 /* cxerror.h in Headers */ = {isa = PBXBuildFile; fileRef = 2B26860A102D7642001D8112 /* cxerror.h */; };
		2B26864F102D7642001D8112 /* cxmisc.h in Headers */ = {isa = PBXBuildFile; fileRef = 2B26860B102D7642001D8112 /* cxmisc.h */; };
		2B268650102D7642001D8112 /* cxoperations.hpp in Headers */ = {isa = PBXBuildFile; fileRef = 2B26860C102D7642001D8112 /* cxoperations.hpp */; };
		2B268651102D7642001D8112 /* cxsystem.cpp in Sources */ = {isa = PBXBuildFile; fileRef = 2B26860D102D7642001D8112 /* cxsystem.cpp */; };
		2B268652102D7642001D8112 /* cxtypes.h in Headers */ = {isa = PBXBuildFile; fileRef = 2B26860E102D7642001D8112 /* cxtypes.h */; };
		2B268653102D7642001D8112 /* highgui.h in Headers */ = {isa = PBXBuildFile; fileRef = 2B26860F102D7642001D8112 /* highgui.h */; };
		2B268654102D7642001D8112 /* ml.h in Headers */ = {isa = PBXBuildFile; fileRef = 2B268610102D7642001D8112 /* ml.h */; };
		2B268655102D7642001D8112 /* alias.h in Headers */ = {isa = PBXBuildFile; fileRef = 2B268612102D7642001D8112 /* alias.h */; };
		2B268656102D7642001D8112 /* call.h in Headers */ = {isa = PBXBuildFile; fileRef = 2B268613102D7642001D8112 /* call.h */; };
		2B268657102D7642001D8112 /* command.h in Headers */ = {isa = PBXBuildFile; fileRef = 2B268614102D7642001D8112 /* command.h */; };
		2B268658102D7642001D8112 /* conf.h in Headers */ = {isa = PBXBuildFile; fileRef = 2B268615102D7642001D8112 /* conf.h */; };
		2B268659102D7642001D8112 /* error.h in Headers */ = {isa = PBXBuildFile; fileRef = 2B268616102D7642001D8112 /* error.h */; };
		2B26865A102D7642001D8112 /* error_meta_method.h in Headers */ = {isa = PBXBuildFile; fileRef = 2B268617102D7642001D8112 /* error_meta_method.h */; };
		2B26865B102D7642001D8112 /* error_value.h in Headers */ = {isa = PBXBuildFile; fileRef = 2B268618102D7642001D8112 /* error_value.h */; };
		2B26865C102D7642001D8112 /* hash.h in Headers */ = {isa = PBXBuildFile; fileRef = 2B268619102D7642001D8112 /* hash.h */; };
		2B26865D102D7642001D8112 /* hash_value.h in Headers */ = {isa = PBXBuildFile; fileRef = 2B26861A102D7642001D8112 /* hash_value.h */; };
		2B26865E102D7642001D8112 /* info_meta_method.h in Headers */ = {isa = PBXBuildFile; fileRef = 2B26861B102D7642001D8112 /* info_meta_method.h */; };
		2B26865F102D7642001D8112 /* list.h in Headers */ = {isa = PBXBuildFile; fileRef = 2B26861C102D7642001D8112 /* list.h */; };
		2B268660102D7642001D8112 /* list_meta_method.h in Headers */ = {isa = PBXBuildFile; fileRef = 2B26861D102D7642001D8112 /* list_meta_method.h */; };
		2B268661102D7642001D8112 /* list_value.h in Headers */ = {isa = PBXBuildFile; fileRef = 2B26861E102D7642001D8112 /* list_value.h */; };
		2B268662102D7642001D8112 /* log_object.h in Headers */ = {isa = PBXBuildFile; fileRef = 2B26861F102D7642001D8112 /* log_object.h */; };
		2B268663102D7642001D8112 /* mapper.h in Headers */ = {isa = PBXBuildFile; fileRef = 2B268620102D7642001D8112 /* mapper.h */; };
		2B268664102D7642001D8112 /* matrix.h in Headers */ = {isa = PBXBuildFile; fileRef = 2B268621102D7642001D8112 /* matrix.h */; };
		2B268665102D7642001D8112 /* matrix_value.h in Headers */ = {isa = PBXBuildFile; fileRef = 2B268622102D7642001D8112 /* matrix_value.h */; };
		2B268666102D7642001D8112 /* method.h in Headers */ = {isa = PBXBuildFile; fileRef = 2B268623102D7642001D8112 /* method.h */; };
		2B268667102D7642001D8112 /* midi_message.h in Headers */ = {isa = PBXBuildFile; fileRef = 2B268624102D7642001D8112 /* midi_message.h */; };
		2B268668102D7642001D8112 /* midi_value.h in Headers */ = {isa = PBXBuildFile; fileRef = 2B268625102D7642001D8112 /* midi_value.h */; };
		2B268669102D7642001D8112 /* mutex.h in Headers */ = {isa = PBXBuildFile; fileRef = 2B268626102D7642001D8112 /* mutex.h */; };
		2B26866A102D7642001D8112 /* non_copyable.h in Headers */ = {isa = PBXBuildFile; fileRef = 2B268627102D7642001D8112 /* non_copyable.h */; };
		2B26866B102D7642001D8112 /* object.h in Headers */ = {isa = PBXBuildFile; fileRef = 2B268628102D7642001D8112 /* object.h */; };
		2B26866C102D7642001D8112 /* osc_command.h in Headers */ = {isa = PBXBuildFile; fileRef = 2B268629102D7642001D8112 /* osc_command.h */; };
		2B26866D102D7642001D8112 /* osc_map_command.h in Headers */ = {isa = PBXBuildFile; fileRef = 2B26862A102D7642001D8112 /* osc_map_command.h */; };
		2B26866E102D7642001D8112 /* osc_remote_object.h in Headers */ = {isa = PBXBuildFile; fileRef = 2B26862B102D7642001D8112 /* osc_remote_object.h */; };
		2B26866F102D7642001D8112 /* oscit.h in Headers */ = {isa = PBXBuildFile; fileRef = 2B26862C102D7642001D8112 /* oscit.h */; };
		2B268670102D7642001D8112 /* real_value.h in Headers */ = {isa = PBXBuildFile; fileRef = 2B26862D102D7642001D8112 /* real_value.h */; };
		2B268671102D7642001D8112 /* reference_counted.h in Headers */ = {isa = PBXBuildFile; fileRef = 2B26862E102D7642001D8112 /* reference_counted.h */; };
		2B268672102D7642001D8112 /* root.h in Headers */ = {isa = PBXBuildFile; fileRef = 2B26862F102D7642001D8112 /* root.h */; };
		2B268673102D7642001D8112 /* scale_real.h in Headers */ = {isa = PBXBuildFile; fileRef = 2B268630102D7642001D8112 /* scale_real.h */; };
		2B268674102D7642001D8112 /* script.h in Headers */ = {isa = PBXBuildFile; fileRef = 2B268631102D7642001D8112 /* script.h */; };
		2B268675102D7642001D8112 /* string_data.h in Headers */ = {isa = PBXBuildFile; fileRef = 2B268632102D7642001D8112 /* string_data.h */; };
		2B268676102D7642001D8112 /* string_value.h in Headers */ = {isa = PBXBuildFile; fileRef = 2B268633102D7642001D8112 /* string_value.h */; };
		2B268677102D7642001D8112 /* thash.h in Headers */ = {isa = PBXBuildFile; fileRef = 2B268634102D7642001D8112 /* thash.h */; };
		2B268678102D7642001D8112 /* thread.h in Headers */ = {isa = PBXBuildFile; fileRef = 2B268635102D7642001D8112 /* thread.h */; };
		2B268679102D7642001D8112 /* tree_meta_method.h in Headers */ = {isa = PBXBuildFile; fileRef = 2B268636102D7642001D8112 /* tree_meta_method.h */; };
		2B26867A102D7642001D8112 /* tsmart_ptr.h in Headers */ = {isa = PBXBuildFile; fileRef = 2B268637102D7642001D8112 /* tsmart_ptr.h */; };
		2B26867B102D7642001D8112 /* type_meta_method.h in Headers */ = {isa = PBXBuildFile; fileRef = 2B268638102D7642001D8112 /* type_meta_method.h */; };
		2B26867C102D7642001D8112 /* typed.h in Headers */ = {isa = PBXBuildFile; fileRef = 2B268639102D7642001D8112 /* typed.h */; };
		2B26867D102D7642001D8112 /* url.h in Headers */ = {isa = PBXBuildFile; fileRef = 2B26863A102D7642001D8112 /* url.h */; };
		2B26867E102D7642001D8112 /* value.h in Headers */ = {isa = PBXBuildFile; fileRef = 2B26863B102D7642001D8112 /* value.h */; };
		2B26867F102D7642001D8112 /* value_types.h in Headers */ = {isa = PBXBuildFile; fileRef = 2B26863C102D7642001D8112 /* value_types.h */; };
		2B268680102D7642001D8112 /* values.h in Headers */ = {isa = PBXBuildFile; fileRef = 2B26863D102D7642001D8112 /* values.h */; };
		2B268692102D768A001D8112 /* command.cpp in Sources */ = {isa = PBXBuildFile; fileRef = 2B268685102D768A001D8112 /* command.cpp */; };
		2B268693102D768A001D8112 /* list.cpp in Sources */ = {isa = PBXBuildFile; fileRef = 2B268686102D768A001D8112 /* list.cpp */; };
		2B268694102D768A001D8112 /* mapper.cpp in Sources */ = {isa = PBXBuildFile; fileRef = 2B268687102D768A001D8112 /* mapper.cpp */; };
		2B268695102D768A001D8112 /* matrix.cpp in Sources */ = {isa = PBXBuildFile; fileRef = 2B268688102D768A001D8112 /* matrix.cpp */; };
		2B268696102D768A001D8112 /* midi_message.cpp in Sources */ = {isa = PBXBuildFile; fileRef = 2B268689102D768A001D8112 /* midi_message.cpp */; };
		2B268697102D768A001D8112 /* object.cpp in Sources */ = {isa = PBXBuildFile; fileRef = 2B26868A102D768A001D8112 /* object.cpp */; };
		2B268698102D768A001D8112 /* osc_command.cpp in Sources */ = {isa = PBXBuildFile; fileRef = 2B26868B102D768A001D8112 /* osc_command.cpp */; };
		2B268699102D768A001D8112 /* osc_map_command.cpp in Sources */ = {isa = PBXBuildFile; fileRef = 2B26868C102D768A001D8112 /* osc_map_command.cpp */; };
		2B26869A102D768A001D8112 /* root.cpp in Sources */ = {isa = PBXBuildFile; fileRef = 2B26868D102D768A001D8112 /* root.cpp */; };
		2B26869B102D768A001D8112 /* script.cpp in Sources */ = {isa = PBXBuildFile; fileRef = 2B26868E102D768A001D8112 /* script.cpp */; };
		2B26869C102D768A001D8112 /* thread.cpp in Sources */ = {isa = PBXBuildFile; fileRef = 2B26868F102D768A001D8112 /* thread.cpp */; };
		2B26869D102D768A001D8112 /* url.cpp in Sources */ = {isa = PBXBuildFile; fileRef = 2B268690102D768A001D8112 /* url.cpp */; };
		2B26869E102D768A001D8112 /* value.cpp in Sources */ = {isa = PBXBuildFile; fileRef = 2B268691102D768A001D8112 /* value.cpp */; };
		2B2686A3102D76BD001D8112 /* zeroconf_registration.cpp in Sources */ = {isa = PBXBuildFile; fileRef = 2B2686A1102D76BD001D8112 /* zeroconf_registration.cpp */; };
		2B5BCBC910D7A31B00AB2FBA /* callback_list.cpp in Sources */ = {isa = PBXBuildFile; fileRef = 2B5BCBC010D7A31B00AB2FBA /* callback_list.cpp */; };
		2B5BCBCA10D7A31B00AB2FBA /* callback.cpp in Sources */ = {isa = PBXBuildFile; fileRef = 2B5BCBC110D7A31B00AB2FBA /* callback.cpp */; };
		2B5BCBCB10D7A31B00AB2FBA /* file.cpp in Sources */ = {isa = PBXBuildFile; fileRef = 2B5BCBC210D7A31B00AB2FBA /* file.cpp */; };
		2B5BCBCC10D7A31B00AB2FBA /* location.cpp in Sources */ = {isa = PBXBuildFile; fileRef = 2B5BCBC310D7A31B00AB2FBA /* location.cpp */; };
		2B5BCBCD10D7A31B00AB2FBA /* object_proxy.cpp in Sources */ = {isa = PBXBuildFile; fileRef = 2B5BCBC410D7A31B00AB2FBA /* object_proxy.cpp */; };
		2B5BCBCE10D7A31B00AB2FBA /* proxy_factory.cpp in Sources */ = {isa = PBXBuildFile; fileRef = 2B5BCBC510D7A31B00AB2FBA /* proxy_factory.cpp */; };
		2B5BCBCF10D7A31B00AB2FBA /* root_proxy.cpp in Sources */ = {isa = PBXBuildFile; fileRef = 2B5BCBC610D7A31B00AB2FBA /* root_proxy.cpp */; };
		2B5BCBD010D7A31B00AB2FBA /* time_ref.cpp in Sources */ = {isa = PBXBuildFile; fileRef = 2B5BCBC710D7A31B00AB2FBA /* time_ref.cpp */; };
		2B5BCBD110D7A31B00AB2FBA /* zeroconf_browser_common.cpp in Sources */ = {isa = PBXBuildFile; fileRef = 2B5BCBC810D7A31B00AB2FBA /* zeroconf_browser_common.cpp */; };
		2B5BCBD210D7A31B00AB2FBA /* callback_list.cpp in Sources */ = {isa = PBXBuildFile; fileRef = 2B5BCBC010D7A31B00AB2FBA /* callback_list.cpp */; };
		2B5BCBD310D7A31B00AB2FBA /* callback.cpp in Sources */ = {isa = PBXBuildFile; fileRef = 2B5BCBC110D7A31B00AB2FBA /* callback.cpp */; };
		2B5BCBD410D7A31B00AB2FBA /* file.cpp in Sources */ = {isa = PBXBuildFile; fileRef = 2B5BCBC210D7A31B00AB2FBA /* file.cpp */; };
		2B5BCBD510D7A31B00AB2FBA /* location.cpp in Sources */ = {isa = PBXBuildFile; fileRef = 2B5BCBC310D7A31B00AB2FBA /* location.cpp */; };
		2B5BCBD610D7A31B00AB2FBA /* object_proxy.cpp in Sources */ = {isa = PBXBuildFile; fileRef = 2B5BCBC410D7A31B00AB2FBA /* object_proxy.cpp */; };
		2B5BCBD710D7A31B00AB2FBA /* proxy_factory.cpp in Sources */ = {isa = PBXBuildFile; fileRef = 2B5BCBC510D7A31B00AB2FBA /* proxy_factory.cpp */; };
		2B5BCBD810D7A31B00AB2FBA /* root_proxy.cpp in Sources */ = {isa = PBXBuildFile; fileRef = 2B5BCBC610D7A31B00AB2FBA /* root_proxy.cpp */; };
		2B5BCBD910D7A31B00AB2FBA /* time_ref.cpp in Sources */ = {isa = PBXBuildFile; fileRef = 2B5BCBC710D7A31B00AB2FBA /* time_ref.cpp */; };
		2B5BCBDA10D7A31B00AB2FBA /* zeroconf_browser_common.cpp in Sources */ = {isa = PBXBuildFile; fileRef = 2B5BCBC810D7A31B00AB2FBA /* zeroconf_browser_common.cpp */; };
		2B5BCBF010D7A33000AB2FBA /* callback_list.h in Headers */ = {isa = PBXBuildFile; fileRef = 2B5BCBDD10D7A33000AB2FBA /* callback_list.h */; };
		2B5BCBF110D7A33000AB2FBA /* callback_observer.h in Headers */ = {isa = PBXBuildFile; fileRef = 2B5BCBDE10D7A33000AB2FBA /* callback_observer.h */; };
		2B5BCBF210D7A33000AB2FBA /* callback.h in Headers */ = {isa = PBXBuildFile; fileRef = 2B5BCBDF10D7A33000AB2FBA /* callback.h */; };
		2B5BCBF310D7A33000AB2FBA /* file_method.h in Headers */ = {isa = PBXBuildFile; fileRef = 2B5BCBE010D7A33000AB2FBA /* file_method.h */; };
		2B5BCBF410D7A33000AB2FBA /* file.h in Headers */ = {isa = PBXBuildFile; fileRef = 2B5BCBE110D7A33000AB2FBA /* file.h */; };
		2B5BCBF510D7A33000AB2FBA /* list_with_type_meta_method.h in Headers */ = {isa = PBXBuildFile; fileRef = 2B5BCBE210D7A33000AB2FBA /* list_with_type_meta_method.h */; };
		2B5BCBF610D7A33000AB2FBA /* location.h in Headers */ = {isa = PBXBuildFile; fileRef = 2B5BCBE310D7A33000AB2FBA /* location.h */; };
		2B5BCBF710D7A33000AB2FBA /* object_proxy.h in Headers */ = {isa = PBXBuildFile; fileRef = 2B5BCBE410D7A33000AB2FBA /* object_proxy.h */; };
		2B5BCBF810D7A33000AB2FBA /* observable.h in Headers */ = {isa = PBXBuildFile; fileRef = 2B5BCBE510D7A33000AB2FBA /* observable.h */; };
		2B5BCBF910D7A33000AB2FBA /* observer.h in Headers */ = {isa = PBXBuildFile; fileRef = 2B5BCBE610D7A33000AB2FBA /* observer.h */; };
		2B5BCBFA10D7A33000AB2FBA /* on_destroy_callback.h in Headers */ = {isa = PBXBuildFile; fileRef = 2B5BCBE710D7A33000AB2FBA /* on_destroy_callback.h */; };
		2B5BCBFB10D7A33000AB2FBA /* on_destroy_notifier.h in Headers */ = {isa = PBXBuildFile; fileRef = 2B5BCBE810D7A33000AB2FBA /* on_destroy_notifier.h */; };
		2B5BCBFC10D7A33000AB2FBA /* osc_root_proxy.h in Headers */ = {isa = PBXBuildFile; fileRef = 2B5BCBE910D7A33000AB2FBA /* osc_root_proxy.h */; };
		2B5BCBFD10D7A33000AB2FBA /* proxy_factory.h in Headers */ = {isa = PBXBuildFile; fileRef = 2B5BCBEA10D7A33000AB2FBA /* proxy_factory.h */; };
		2B5BCBFE10D7A33000AB2FBA /* root_proxy.h in Headers */ = {isa = PBXBuildFile; fileRef = 2B5BCBEB10D7A33000AB2FBA /* root_proxy.h */; };
		2B5BCBFF10D7A33000AB2FBA /* time_ref.h in Headers */ = {isa = PBXBuildFile; fileRef = 2B5BCBEC10D7A33000AB2FBA /* time_ref.h */; };
		2B5BCC0010D7A33000AB2FBA /* tobservable_list.h in Headers */ = {isa = PBXBuildFile; fileRef = 2B5BCBED10D7A33000AB2FBA /* tobservable_list.h */; };
		2B5BCC0110D7A33000AB2FBA /* zeroconf_browser.h in Headers */ = {isa = PBXBuildFile; fileRef = 2B5BCBEE10D7A33000AB2FBA /* zeroconf_browser.h */; };
		2B5BCC0210D7A33000AB2FBA /* zeroconf_registration.h in Headers */ = {isa = PBXBuildFile; fileRef = 2B5BCBEF10D7A33000AB2FBA /* zeroconf_registration.h */; };
		2B5BCC0310D7A33000AB2FBA /* callback_list.h in Headers */ = {isa = PBXBuildFile; fileRef = 2B5BCBDD10D7A33000AB2FBA /* callback_list.h */; };
		2B5BCC0410D7A33000AB2FBA /* callback_observer.h in Headers */ = {isa = PBXBuildFile; fileRef = 2B5BCBDE10D7A33000AB2FBA /* callback_observer.h */; };
		2B5BCC0510D7A33000AB2FBA /* callback.h in Headers */ = {isa = PBXBuildFile; fileRef = 2B5BCBDF10D7A33000AB2FBA /* callback.h */; };
		2B5BCC0610D7A33000AB2FBA /* file_method.h in Headers */ = {isa = PBXBuildFile; fileRef = 2B5BCBE010D7A33000AB2FBA /* file_method.h */; };
		2B5BCC0710D7A33000AB2FBA /* file.h in Headers */ = {isa = PBXBuildFile; fileRef = 2B5BCBE110D7A33000AB2FBA /* file.h */; };
		2B5BCC0810D7A33000AB2FBA /* list_with_type_meta_method.h in Headers */ = {isa = PBXBuildFile; fileRef = 2B5BCBE210D7A33000AB2FBA /* list_with_type_meta_method.h */; };
		2B5BCC0910D7A33000AB2FBA /* location.h in Headers */ = {isa = PBXBuildFile; fileRef = 2B5BCBE310D7A33000AB2FBA /* location.h */; };
		2B5BCC0A10D7A33000AB2FBA /* object_proxy.h in Headers */ = {isa = PBXBuildFile; fileRef = 2B5BCBE410D7A33000AB2FBA /* object_proxy.h */; };
		2B5BCC0B10D7A33000AB2FBA /* observable.h in Headers */ = {isa = PBXBuildFile; fileRef = 2B5BCBE510D7A33000AB2FBA /* observable.h */; };
		2B5BCC0C10D7A33000AB2FBA /* observer.h in Headers */ = {isa = PBXBuildFile; fileRef = 2B5BCBE610D7A33000AB2FBA /* observer.h */; };
		2B5BCC0D10D7A33000AB2FBA /* on_destroy_callback.h in Headers */ = {isa = PBXBuildFile; fileRef = 2B5BCBE710D7A33000AB2FBA /* on_destroy_callback.h */; };
		2B5BCC0E10D7A33000AB2FBA /* on_destroy_notifier.h in Headers */ = {isa = PBXBuildFile; fileRef = 2B5BCBE810D7A33000AB2FBA /* on_destroy_notifier.h */; };
		2B5BCC0F10D7A33000AB2FBA /* osc_root_proxy.h in Headers */ = {isa = PBXBuildFile; fileRef = 2B5BCBE910D7A33000AB2FBA /* osc_root_proxy.h */; };
		2B5BCC1010D7A33000AB2FBA /* proxy_factory.h in Headers */ = {isa = PBXBuildFile; fileRef = 2B5BCBEA10D7A33000AB2FBA /* proxy_factory.h */; };
		2B5BCC1110D7A33000AB2FBA /* root_proxy.h in Headers */ = {isa = PBXBuildFile; fileRef = 2B5BCBEB10D7A33000AB2FBA /* root_proxy.h */; };
		2B5BCC1210D7A33000AB2FBA /* time_ref.h in Headers */ = {isa = PBXBuildFile; fileRef = 2B5BCBEC10D7A33000AB2FBA /* time_ref.h */; };
		2B5BCC1310D7A33000AB2FBA /* tobservable_list.h in Headers */ = {isa = PBXBuildFile; fileRef = 2B5BCBED10D7A33000AB2FBA /* tobservable_list.h */; };
		2B5BCC1410D7A33000AB2FBA /* zeroconf_browser.h in Headers */ = {isa = PBXBuildFile; fileRef = 2B5BCBEE10D7A33000AB2FBA /* zeroconf_browser.h */; };
		2B5BCC1510D7A33000AB2FBA /* zeroconf_registration.h in Headers */ = {isa = PBXBuildFile; fileRef = 2B5BCBEF10D7A33000AB2FBA /* zeroconf_registration.h */; };
		2B5BCC2010D7A38100AB2FBA /* OscOutboundPacketStream.cpp in Sources */ = {isa = PBXBuildFile; fileRef = 2B5BCC1C10D7A38100AB2FBA /* OscOutboundPacketStream.cpp */; };
		2B5BCC2110D7A38100AB2FBA /* OscPrintReceivedElements.cpp in Sources */ = {isa = PBXBuildFile; fileRef = 2B5BCC1D10D7A38100AB2FBA /* OscPrintReceivedElements.cpp */; };
		2B5BCC2210D7A38100AB2FBA /* OscReceivedElements.cpp in Sources */ = {isa = PBXBuildFile; fileRef = 2B5BCC1E10D7A38100AB2FBA /* OscReceivedElements.cpp */; };
		2B5BCC2310D7A38100AB2FBA /* OscTypes.cpp in Sources */ = {isa = PBXBuildFile; fileRef = 2B5BCC1F10D7A38100AB2FBA /* OscTypes.cpp */; };
		2B5BCC2410D7A38100AB2FBA /* OscOutboundPacketStream.cpp in Sources */ = {isa = PBXBuildFile; fileRef = 2B5BCC1C10D7A38100AB2FBA /* OscOutboundPacketStream.cpp */; };
		2B5BCC2510D7A38100AB2FBA /* OscPrintReceivedElements.cpp in Sources */ = {isa = PBXBuildFile; fileRef = 2B5BCC1D10D7A38100AB2FBA /* OscPrintReceivedElements.cpp */; };
		2B5BCC2610D7A38100AB2FBA /* OscReceivedElements.cpp in Sources */ = {isa = PBXBuildFile; fileRef = 2B5BCC1E10D7A38100AB2FBA /* OscReceivedElements.cpp */; };
		2B5BCC2710D7A38100AB2FBA /* OscTypes.cpp in Sources */ = {isa = PBXBuildFile; fileRef = 2B5BCC1F10D7A38100AB2FBA /* OscTypes.cpp */; };
		2B5BCC2B10D7A39800AB2FBA /* IpEndpointName.cpp in Sources */ = {isa = PBXBuildFile; fileRef = 2B5BCC2A10D7A39800AB2FBA /* IpEndpointName.cpp */; };
		2B5BCC2C10D7A39800AB2FBA /* IpEndpointName.cpp in Sources */ = {isa = PBXBuildFile; fileRef = 2B5BCC2A10D7A39800AB2FBA /* IpEndpointName.cpp */; };
		2B5BCC3110D7A3B000AB2FBA /* NetworkingUtils.cpp in Sources */ = {isa = PBXBuildFile; fileRef = 2B5BCC2F10D7A3B000AB2FBA /* NetworkingUtils.cpp */; };
		2B5BCC3210D7A3B000AB2FBA /* UdpSocket.cpp in Sources */ = {isa = PBXBuildFile; fileRef = 2B5BCC3010D7A3B000AB2FBA /* UdpSocket.cpp */; };
		2B5BCC3310D7A3B000AB2FBA /* NetworkingUtils.cpp in Sources */ = {isa = PBXBuildFile; fileRef = 2B5BCC2F10D7A3B000AB2FBA /* NetworkingUtils.cpp */; };
		2B5BCC3410D7A3B000AB2FBA /* UdpSocket.cpp in Sources */ = {isa = PBXBuildFile; fileRef = 2B5BCC3010D7A3B000AB2FBA /* UdpSocket.cpp */; };
		2B5BCC4110D7A3E100AB2FBA /* MessageMappingOscPacketListener.h in Headers */ = {isa = PBXBuildFile; fileRef = 2B5BCC3910D7A3E100AB2FBA /* MessageMappingOscPacketListener.h */; };
		2B5BCC4210D7A3E100AB2FBA /* OscException.h in Headers */ = {isa = PBXBuildFile; fileRef = 2B5BCC3A10D7A3E100AB2FBA /* OscException.h */; };
		2B5BCC4310D7A3E100AB2FBA /* OscHostEndianness.h in Headers */ = {isa = PBXBuildFile; fileRef = 2B5BCC3B10D7A3E100AB2FBA /* OscHostEndianness.h */; };
		2B5BCC4410D7A3E100AB2FBA /* OscOutboundPacketStream.h in Headers */ = {isa = PBXBuildFile; fileRef = 2B5BCC3C10D7A3E100AB2FBA /* OscOutboundPacketStream.h */; };
		2B5BCC4510D7A3E100AB2FBA /* OscPacketListener.h in Headers */ = {isa = PBXBuildFile; fileRef = 2B5BCC3D10D7A3E100AB2FBA /* OscPacketListener.h */; };
		2B5BCC4610D7A3E100AB2FBA /* OscPrintReceivedElements.h in Headers */ = {isa = PBXBuildFile; fileRef = 2B5BCC3E10D7A3E100AB2FBA /* OscPrintReceivedElements.h */; };
		2B5BCC4710D7A3E100AB2FBA /* OscReceivedElements.h in Headers */ = {isa = PBXBuildFile; fileRef = 2B5BCC3F10D7A3E100AB2FBA /* OscReceivedElements.h */; };
		2B5BCC4810D7A3E100AB2FBA /* OscTypes.h in Headers */ = {isa = PBXBuildFile; fileRef = 2B5BCC4010D7A3E100AB2FBA /* OscTypes.h */; };
		2B5BCC4910D7A3E100AB2FBA /* MessageMappingOscPacketListener.h in Headers */ = {isa = PBXBuildFile; fileRef = 2B5BCC3910D7A3E100AB2FBA /* MessageMappingOscPacketListener.h */; };
		2B5BCC4A10D7A3E100AB2FBA /* OscException.h in Headers */ = {isa = PBXBuildFile; fileRef = 2B5BCC3A10D7A3E100AB2FBA /* OscException.h */; };
		2B5BCC4B10D7A3E100AB2FBA /* OscHostEndianness.h in Headers */ = {isa = PBXBuildFile; fileRef = 2B5BCC3B10D7A3E100AB2FBA /* OscHostEndianness.h */; };
		2B5BCC4C10D7A3E100AB2FBA /* OscOutboundPacketStream.h in Headers */ = {isa = PBXBuildFile; fileRef = 2B5BCC3C10D7A3E100AB2FBA /* OscOutboundPacketStream.h */; };
		2B5BCC4D10D7A3E100AB2FBA /* OscPacketListener.h in Headers */ = {isa = PBXBuildFile; fileRef = 2B5BCC3D10D7A3E100AB2FBA /* OscPacketListener.h */; };
		2B5BCC4E10D7A3E100AB2FBA /* OscPrintReceivedElements.h in Headers */ = {isa = PBXBuildFile; fileRef = 2B5BCC3E10D7A3E100AB2FBA /* OscPrintReceivedElements.h */; };
		2B5BCC4F10D7A3E100AB2FBA /* OscReceivedElements.h in Headers */ = {isa = PBXBuildFile; fileRef = 2B5BCC3F10D7A3E100AB2FBA /* OscReceivedElements.h */; };
		2B5BCC5010D7A3E100AB2FBA /* OscTypes.h in Headers */ = {isa = PBXBuildFile; fileRef = 2B5BCC4010D7A3E100AB2FBA /* OscTypes.h */; };
		2B5BCC5810D7A40300AB2FBA /* IpEndpointName.h in Headers */ = {isa = PBXBuildFile; fileRef = 2B5BCC5310D7A40300AB2FBA /* IpEndpointName.h */; };
		2B5BCC5910D7A40300AB2FBA /* NetworkingUtils.h in Headers */ = {isa = PBXBuildFile; fileRef = 2B5BCC5410D7A40300AB2FBA /* NetworkingUtils.h */; };
		2B5BCC5A10D7A40300AB2FBA /* PacketListener.h in Headers */ = {isa = PBXBuildFile; fileRef = 2B5BCC5510D7A40300AB2FBA /* PacketListener.h */; };
		2B5BCC5B10D7A40300AB2FBA /* TimerListener.h in Headers */ = {isa = PBXBuildFile; fileRef = 2B5BCC5610D7A40300AB2FBA /* TimerListener.h */; };
		2B5BCC5C10D7A40300AB2FBA /* UdpSocket.h in Headers */ = {isa = PBXBuildFile; fileRef = 2B5BCC5710D7A40300AB2FBA /* UdpSocket.h */; };
		2B5BCC5D10D7A40300AB2FBA /* IpEndpointName.h in Headers */ = {isa = PBXBuildFile; fileRef = 2B5BCC5310D7A40300AB2FBA /* IpEndpointName.h */; };
		2B5BCC5E10D7A40300AB2FBA /* NetworkingUtils.h in Headers */ = {isa = PBXBuildFile; fileRef = 2B5BCC5410D7A40300AB2FBA /* NetworkingUtils.h */; };
		2B5BCC5F10D7A40300AB2FBA /* PacketListener.h in Headers */ = {isa = PBXBuildFile; fileRef = 2B5BCC5510D7A40300AB2FBA /* PacketListener.h */; };
		2B5BCC6010D7A40300AB2FBA /* TimerListener.h in Headers */ = {isa = PBXBuildFile; fileRef = 2B5BCC5610D7A40300AB2FBA /* TimerListener.h */; };
		2B5BCC6110D7A40300AB2FBA /* UdpSocket.h in Headers */ = {isa = PBXBuildFile; fileRef = 2B5BCC5710D7A40300AB2FBA /* UdpSocket.h */; };
		2B5D846510D8AB5800B4CC3F /* location.cpp in Sources */ = {isa = PBXBuildFile; fileRef = 2B5D846410D8AB5800B4CC3F /* location.cpp */; };
		2B5D846610D8AB5800B4CC3F /* location.cpp in Sources */ = {isa = PBXBuildFile; fileRef = 2B5D846410D8AB5800B4CC3F /* location.cpp */; };
		2BE4B2DA102ECC9C008D730E /* cxalloc.cpp in Sources */ = {isa = PBXBuildFile; fileRef = 2B268607102D7642001D8112 /* cxalloc.cpp */; };
		2BE4B2DB102ECC9C008D730E /* cxsystem.cpp in Sources */ = {isa = PBXBuildFile; fileRef = 2B26860D102D7642001D8112 /* cxsystem.cpp */; };
		2BE4B2DC102ECC9C008D730E /* command.cpp in Sources */ = {isa = PBXBuildFile; fileRef = 2B268685102D768A001D8112 /* command.cpp */; };
		2BE4B2DD102ECC9C008D730E /* list.cpp in Sources */ = {isa = PBXBuildFile; fileRef = 2B268686102D768A001D8112 /* list.cpp */; };
		2BE4B2DE102ECC9C008D730E /* mapper.cpp in Sources */ = {isa = PBXBuildFile; fileRef = 2B268687102D768A001D8112 /* mapper.cpp */; };
		2BE4B2DF102ECC9C008D730E /* matrix.cpp in Sources */ = {isa = PBXBuildFile; fileRef = 2B268688102D768A001D8112 /* matrix.cpp */; };
		2BE4B2E0102ECC9C008D730E /* midi_message.cpp in Sources */ = {isa = PBXBuildFile; fileRef = 2B268689102D768A001D8112 /* midi_message.cpp */; };
		2BE4B2E1102ECC9C008D730E /* object.cpp in Sources */ = {isa = PBXBuildFile; fileRef = 2B26868A102D768A001D8112 /* object.cpp */; };
		2BE4B2E2102ECC9C008D730E /* osc_command.cpp in Sources */ = {isa = PBXBuildFile; fileRef = 2B26868B102D768A001D8112 /* osc_command.cpp */; };
		2BE4B2E3102ECC9C008D730E /* osc_map_command.cpp in Sources */ = {isa = PBXBuildFile; fileRef = 2B26868C102D768A001D8112 /* osc_map_command.cpp */; };
		2BE4B2E4102ECC9C008D730E /* root.cpp in Sources */ = {isa = PBXBuildFile; fileRef = 2B26868D102D768A001D8112 /* root.cpp */; };
		2BE4B2E5102ECC9C008D730E /* script.cpp in Sources */ = {isa = PBXBuildFile; fileRef = 2B26868E102D768A001D8112 /* script.cpp */; };
		2BE4B2E6102ECC9C008D730E /* thread.cpp in Sources */ = {isa = PBXBuildFile; fileRef = 2B26868F102D768A001D8112 /* thread.cpp */; };
		2BE4B2E7102ECC9C008D730E /* url.cpp in Sources */ = {isa = PBXBuildFile; fileRef = 2B268690102D768A001D8112 /* url.cpp */; };
		2BE4B2E8102ECC9C008D730E /* value.cpp in Sources */ = {isa = PBXBuildFile; fileRef = 2B268691102D768A001D8112 /* value.cpp */; };
		2BE4B2EA102ECC9C008D730E /* zeroconf_registration.cpp in Sources */ = {isa = PBXBuildFile; fileRef = 2B2686A1102D76BD001D8112 /* zeroconf_registration.cpp */; };
		2BE4B2EB102ECCAF008D730E /* oscit_Prefix.pch in Headers */ = {isa = PBXBuildFile; fileRef = AA747D9E0F9514B9006C5449 /* oscit_Prefix.pch */; };
		2BE4B2EC102ECCAF008D730E /* _cxcore.h in Headers */ = {isa = PBXBuildFile; fileRef = 2B2685FA102D7642001D8112 /* _cxcore.h */; };
		2BE4B2ED102ECCAF008D730E /* cv.h in Headers */ = {isa = PBXBuildFile; fileRef = 2B2685FC102D7642001D8112 /* cv.h */; };
		2BE4B2EE102ECCAF008D730E /* cv.hpp in Headers */ = {isa = PBXBuildFile; fileRef = 2B2685FD102D7642001D8112 /* cv.hpp */; };
		2BE4B2EF102ECCAF008D730E /* cvaux.h in Headers */ = {isa = PBXBuildFile; fileRef = 2B2685FE102D7642001D8112 /* cvaux.h */; };
		2BE4B2F0102ECCAF008D730E /* cvaux.hpp in Headers */ = {isa = PBXBuildFile; fileRef = 2B2685FF102D7642001D8112 /* cvaux.hpp */; };
		2BE4B2F1102ECCAF008D730E /* cvcompat.h in Headers */ = {isa = PBXBuildFile; fileRef = 2B268600102D7642001D8112 /* cvcompat.h */; };
		2BE4B2F2102ECCAF008D730E /* cvmat.hpp in Headers */ = {isa = PBXBuildFile; fileRef = 2B268601102D7642001D8112 /* cvmat.hpp */; };
		2BE4B2F3102ECCAF008D730E /* cvstreams.h in Headers */ = {isa = PBXBuildFile; fileRef = 2B268602102D7642001D8112 /* cvstreams.h */; };
		2BE4B2F4102ECCAF008D730E /* cvtypes.h in Headers */ = {isa = PBXBuildFile; fileRef = 2B268603102D7642001D8112 /* cvtypes.h */; };
		2BE4B2F5102ECCAF008D730E /* cvver.h in Headers */ = {isa = PBXBuildFile; fileRef = 2B268604102D7642001D8112 /* cvver.h */; };
		2BE4B2F6102ECCAF008D730E /* cvvidsurv.hpp in Headers */ = {isa = PBXBuildFile; fileRef = 2B268605102D7642001D8112 /* cvvidsurv.hpp */; };
		2BE4B2F7102ECCAF008D730E /* cvwimage.h in Headers */ = {isa = PBXBuildFile; fileRef = 2B268606102D7642001D8112 /* cvwimage.h */; };
		2BE4B2F8102ECCAF008D730E /* cxcore.h in Headers */ = {isa = PBXBuildFile; fileRef = 2B268608102D7642001D8112 /* cxcore.h */; };
		2BE4B2F9102ECCAF008D730E /* cxcore.hpp in Headers */ = {isa = PBXBuildFile; fileRef = 2B268609102D7642001D8112 /* cxcore.hpp */; };
		2BE4B2FA102ECCAF008D730E /* cxerror.h in Headers */ = {isa = PBXBuildFile; fileRef = 2B26860A102D7642001D8112 /* cxerror.h */; };
		2BE4B2FB102ECCAF008D730E /* cxmisc.h in Headers */ = {isa = PBXBuildFile; fileRef = 2B26860B102D7642001D8112 /* cxmisc.h */; };
		2BE4B2FC102ECCAF008D730E /* cxoperations.hpp in Headers */ = {isa = PBXBuildFile; fileRef = 2B26860C102D7642001D8112 /* cxoperations.hpp */; };
		2BE4B2FD102ECCAF008D730E /* cxtypes.h in Headers */ = {isa = PBXBuildFile; fileRef = 2B26860E102D7642001D8112 /* cxtypes.h */; };
		2BE4B2FE102ECCAF008D730E /* highgui.h in Headers */ = {isa = PBXBuildFile; fileRef = 2B26860F102D7642001D8112 /* highgui.h */; };
		2BE4B2FF102ECCAF008D730E /* ml.h in Headers */ = {isa = PBXBuildFile; fileRef = 2B268610102D7642001D8112 /* ml.h */; };
		2BE4B300102ECCAF008D730E /* alias.h in Headers */ = {isa = PBXBuildFile; fileRef = 2B268612102D7642001D8112 /* alias.h */; };
		2BE4B301102ECCAF008D730E /* call.h in Headers */ = {isa = PBXBuildFile; fileRef = 2B268613102D7642001D8112 /* call.h */; };
		2BE4B302102ECCAF008D730E /* command.h in Headers */ = {isa = PBXBuildFile; fileRef = 2B268614102D7642001D8112 /* command.h */; };
		2BE4B303102ECCAF008D730E /* conf.h in Headers */ = {isa = PBXBuildFile; fileRef = 2B268615102D7642001D8112 /* conf.h */; };
		2BE4B304102ECCAF008D730E /* error.h in Headers */ = {isa = PBXBuildFile; fileRef = 2B268616102D7642001D8112 /* error.h */; };
		2BE4B305102ECCAF008D730E /* error_meta_method.h in Headers */ = {isa = PBXBuildFile; fileRef = 2B268617102D7642001D8112 /* error_meta_method.h */; };
		2BE4B306102ECCAF008D730E /* error_value.h in Headers */ = {isa = PBXBuildFile; fileRef = 2B268618102D7642001D8112 /* error_value.h */; };
		2BE4B307102ECCAF008D730E /* hash.h in Headers */ = {isa = PBXBuildFile; fileRef = 2B268619102D7642001D8112 /* hash.h */; };
		2BE4B308102ECCAF008D730E /* hash_value.h in Headers */ = {isa = PBXBuildFile; fileRef = 2B26861A102D7642001D8112 /* hash_value.h */; };
		2BE4B309102ECCAF008D730E /* info_meta_method.h in Headers */ = {isa = PBXBuildFile; fileRef = 2B26861B102D7642001D8112 /* info_meta_method.h */; };
		2BE4B30A102ECCAF008D730E /* list.h in Headers */ = {isa = PBXBuildFile; fileRef = 2B26861C102D7642001D8112 /* list.h */; };
		2BE4B30B102ECCAF008D730E /* list_meta_method.h in Headers */ = {isa = PBXBuildFile; fileRef = 2B26861D102D7642001D8112 /* list_meta_method.h */; };
		2BE4B30C102ECCAF008D730E /* list_value.h in Headers */ = {isa = PBXBuildFile; fileRef = 2B26861E102D7642001D8112 /* list_value.h */; };
		2BE4B30D102ECCAF008D730E /* log_object.h in Headers */ = {isa = PBXBuildFile; fileRef = 2B26861F102D7642001D8112 /* log_object.h */; };
		2BE4B30E102ECCAF008D730E /* mapper.h in Headers */ = {isa = PBXBuildFile; fileRef = 2B268620102D7642001D8112 /* mapper.h */; };
		2BE4B30F102ECCAF008D730E /* matrix.h in Headers */ = {isa = PBXBuildFile; fileRef = 2B268621102D7642001D8112 /* matrix.h */; };
		2BE4B310102ECCAF008D730E /* matrix_value.h in Headers */ = {isa = PBXBuildFile; fileRef = 2B268622102D7642001D8112 /* matrix_value.h */; };
		2BE4B311102ECCAF008D730E /* method.h in Headers */ = {isa = PBXBuildFile; fileRef = 2B268623102D7642001D8112 /* method.h */; };
		2BE4B312102ECCAF008D730E /* midi_message.h in Headers */ = {isa = PBXBuildFile; fileRef = 2B268624102D7642001D8112 /* midi_message.h */; };
		2BE4B313102ECCAF008D730E /* midi_value.h in Headers */ = {isa = PBXBuildFile; fileRef = 2B268625102D7642001D8112 /* midi_value.h */; };
		2BE4B314102ECCAF008D730E /* mutex.h in Headers */ = {isa = PBXBuildFile; fileRef = 2B268626102D7642001D8112 /* mutex.h */; };
		2BE4B315102ECCAF008D730E /* non_copyable.h in Headers */ = {isa = PBXBuildFile; fileRef = 2B268627102D7642001D8112 /* non_copyable.h */; };
		2BE4B316102ECCAF008D730E /* object.h in Headers */ = {isa = PBXBuildFile; fileRef = 2B268628102D7642001D8112 /* object.h */; };
		2BE4B317102ECCAF008D730E /* osc_command.h in Headers */ = {isa = PBXBuildFile; fileRef = 2B268629102D7642001D8112 /* osc_command.h */; };
		2BE4B318102ECCAF008D730E /* osc_map_command.h in Headers */ = {isa = PBXBuildFile; fileRef = 2B26862A102D7642001D8112 /* osc_map_command.h */; };
		2BE4B319102ECCAF008D730E /* osc_remote_object.h in Headers */ = {isa = PBXBuildFile; fileRef = 2B26862B102D7642001D8112 /* osc_remote_object.h */; };
		2BE4B31A102ECCAF008D730E /* oscit.h in Headers */ = {isa = PBXBuildFile; fileRef = 2B26862C102D7642001D8112 /* oscit.h */; };
		2BE4B31B102ECCAF008D730E /* real_value.h in Headers */ = {isa = PBXBuildFile; fileRef = 2B26862D102D7642001D8112 /* real_value.h */; };
		2BE4B31C102ECCAF008D730E /* reference_counted.h in Headers */ = {isa = PBXBuildFile; fileRef = 2B26862E102D7642001D8112 /* reference_counted.h */; };
		2BE4B31D102ECCAF008D730E /* root.h in Headers */ = {isa = PBXBuildFile; fileRef = 2B26862F102D7642001D8112 /* root.h */; };
		2BE4B31E102ECCAF008D730E /* scale_real.h in Headers */ = {isa = PBXBuildFile; fileRef = 2B268630102D7642001D8112 /* scale_real.h */; };
		2BE4B31F102ECCAF008D730E /* script.h in Headers */ = {isa = PBXBuildFile; fileRef = 2B268631102D7642001D8112 /* script.h */; };
		2BE4B320102ECCAF008D730E /* string_data.h in Headers */ = {isa = PBXBuildFile; fileRef = 2B268632102D7642001D8112 /* string_data.h */; };
		2BE4B321102ECCAF008D730E /* string_value.h in Headers */ = {isa = PBXBuildFile; fileRef = 2B268633102D7642001D8112 /* string_value.h */; };
		2BE4B322102ECCAF008D730E /* thash.h in Headers */ = {isa = PBXBuildFile; fileRef = 2B268634102D7642001D8112 /* thash.h */; };
		2BE4B323102ECCAF008D730E /* thread.h in Headers */ = {isa = PBXBuildFile; fileRef = 2B268635102D7642001D8112 /* thread.h */; };
		2BE4B324102ECCAF008D730E /* tree_meta_method.h in Headers */ = {isa = PBXBuildFile; fileRef = 2B268636102D7642001D8112 /* tree_meta_method.h */; };
		2BE4B325102ECCAF008D730E /* tsmart_ptr.h in Headers */ = {isa = PBXBuildFile; fileRef = 2B268637102D7642001D8112 /* tsmart_ptr.h */; };
		2BE4B326102ECCAF008D730E /* type_meta_method.h in Headers */ = {isa = PBXBuildFile; fileRef = 2B268638102D7642001D8112 /* type_meta_method.h */; };
		2BE4B327102ECCAF008D730E /* typed.h in Headers */ = {isa = PBXBuildFile; fileRef = 2B268639102D7642001D8112 /* typed.h */; };
		2BE4B328102ECCAF008D730E /* url.h in Headers */ = {isa = PBXBuildFile; fileRef = 2B26863A102D7642001D8112 /* url.h */; };
		2BE4B329102ECCAF008D730E /* value.h in Headers */ = {isa = PBXBuildFile; fileRef = 2B26863B102D7642001D8112 /* value.h */; };
		2BE4B32A102ECCAF008D730E /* value_types.h in Headers */ = {isa = PBXBuildFile; fileRef = 2B26863C102D7642001D8112 /* value_types.h */; };
		2BE4B32B102ECCAF008D730E /* values.h in Headers */ = {isa = PBXBuildFile; fileRef = 2B26863D102D7642001D8112 /* values.h */; };
		2BE4B35D102ED635008D730E /* zeroconf_browser.mm in Sources */ = {isa = PBXBuildFile; fileRef = 2BE4B35C102ED635008D730E /* zeroconf_browser.mm */; };
		2BE4B35E102ED635008D730E /* zeroconf_browser.mm in Sources */ = {isa = PBXBuildFile; fileRef = 2BE4B35C102ED635008D730E /* zeroconf_browser.mm */; };
		AA747D9F0F9514B9006C5449 /* oscit_Prefix.pch in Headers */ = {isa = PBXBuildFile; fileRef = AA747D9E0F9514B9006C5449 /* oscit_Prefix.pch */; };
		AACBBE4A0F95108600F1A2B1 /* Foundation.framework in Frameworks */ = {isa = PBXBuildFile; fileRef = AACBBE490F95108600F1A2B1 /* Foundation.framework */; };
/* End PBXBuildFile section */

/* Begin PBXFileReference section */
		2B2685FA102D7642001D8112 /* _cxcore.h */ = {isa = PBXFileReference; fileEncoding = 4; lastKnownFileType = sourcecode.c.h; name = _cxcore.h; path = ../../../include/opencv/_cxcore.h; sourceTree = SOURCE_ROOT; };
		2B2685FB102D7642001D8112 /* COPYING */ = {isa = PBXFileReference; fileEncoding = 4; lastKnownFileType = text; name = COPYING; path = ../../../include/opencv/COPYING; sourceTree = SOURCE_ROOT; };
		2B2685FC102D7642001D8112 /* cv.h */ = {isa = PBXFileReference; fileEncoding = 4; lastKnownFileType = sourcecode.c.h; name = cv.h; path = ../../../include/opencv/cv.h; sourceTree = SOURCE_ROOT; };
		2B2685FD102D7642001D8112 /* cv.hpp */ = {isa = PBXFileReference; fileEncoding = 4; lastKnownFileType = sourcecode.cpp.h; name = cv.hpp; path = ../../../include/opencv/cv.hpp; sourceTree = SOURCE_ROOT; };
		2B2685FE102D7642001D8112 /* cvaux.h */ = {isa = PBXFileReference; fileEncoding = 4; lastKnownFileType = sourcecode.c.h; name = cvaux.h; path = ../../../include/opencv/cvaux.h; sourceTree = SOURCE_ROOT; };
		2B2685FF102D7642001D8112 /* cvaux.hpp */ = {isa = PBXFileReference; fileEncoding = 4; lastKnownFileType = sourcecode.cpp.h; name = cvaux.hpp; path = ../../../include/opencv/cvaux.hpp; sourceTree = SOURCE_ROOT; };
		2B268600102D7642001D8112 /* cvcompat.h */ = {isa = PBXFileReference; fileEncoding = 4; lastKnownFileType = sourcecode.c.h; name = cvcompat.h; path = ../../../include/opencv/cvcompat.h; sourceTree = SOURCE_ROOT; };
		2B268601102D7642001D8112 /* cvmat.hpp */ = {isa = PBXFileReference; fileEncoding = 4; lastKnownFileType = sourcecode.cpp.h; name = cvmat.hpp; path = ../../../include/opencv/cvmat.hpp; sourceTree = SOURCE_ROOT; };
		2B268602102D7642001D8112 /* cvstreams.h */ = {isa = PBXFileReference; fileEncoding = 4; lastKnownFileType = sourcecode.c.h; name = cvstreams.h; path = ../../../include/opencv/cvstreams.h; sourceTree = SOURCE_ROOT; };
		2B268603102D7642001D8112 /* cvtypes.h */ = {isa = PBXFileReference; fileEncoding = 4; lastKnownFileType = sourcecode.c.h; name = cvtypes.h; path = ../../../include/opencv/cvtypes.h; sourceTree = SOURCE_ROOT; };
		2B268604102D7642001D8112 /* cvver.h */ = {isa = PBXFileReference; fileEncoding = 4; lastKnownFileType = sourcecode.c.h; name = cvver.h; path = ../../../include/opencv/cvver.h; sourceTree = SOURCE_ROOT; };
		2B268605102D7642001D8112 /* cvvidsurv.hpp */ = {isa = PBXFileReference; fileEncoding = 4; lastKnownFileType = sourcecode.cpp.h; name = cvvidsurv.hpp; path = ../../../include/opencv/cvvidsurv.hpp; sourceTree = SOURCE_ROOT; };
		2B268606102D7642001D8112 /* cvwimage.h */ = {isa = PBXFileReference; fileEncoding = 4; lastKnownFileType = sourcecode.c.h; name = cvwimage.h; path = ../../../include/opencv/cvwimage.h; sourceTree = SOURCE_ROOT; };
		2B268607102D7642001D8112 /* cxalloc.cpp */ = {isa = PBXFileReference; fileEncoding = 4; lastKnownFileType = sourcecode.cpp.cpp; name = cxalloc.cpp; path = ../../../include/opencv/cxalloc.cpp; sourceTree = SOURCE_ROOT; };
		2B268608102D7642001D8112 /* cxcore.h */ = {isa = PBXFileReference; fileEncoding = 4; lastKnownFileType = sourcecode.c.h; name = cxcore.h; path = ../../../include/opencv/cxcore.h; sourceTree = SOURCE_ROOT; };
		2B268609102D7642001D8112 /* cxcore.hpp */ = {isa = PBXFileReference; fileEncoding = 4; lastKnownFileType = sourcecode.cpp.h; name = cxcore.hpp; path = ../../../include/opencv/cxcore.hpp; sourceTree = SOURCE_ROOT; };
		2B26860A102D7642001D8112 /* cxerror.h */ = {isa = PBXFileReference; fileEncoding = 4; lastKnownFileType = sourcecode.c.h; name = cxerror.h; path = ../../../include/opencv/cxerror.h; sourceTree = SOURCE_ROOT; };
		2B26860B102D7642001D8112 /* cxmisc.h */ = {isa = PBXFileReference; fileEncoding = 4; lastKnownFileType = sourcecode.c.h; name = cxmisc.h; path = ../../../include/opencv/cxmisc.h; sourceTree = SOURCE_ROOT; };
		2B26860C102D7642001D8112 /* cxoperations.hpp */ = {isa = PBXFileReference; fileEncoding = 4; lastKnownFileType = sourcecode.cpp.h; name = cxoperations.hpp; path = ../../../include/opencv/cxoperations.hpp; sourceTree = SOURCE_ROOT; };
		2B26860D102D7642001D8112 /* cxsystem.cpp */ = {isa = PBXFileReference; fileEncoding = 4; lastKnownFileType = sourcecode.cpp.cpp; name = cxsystem.cpp; path = ../../../include/opencv/cxsystem.cpp; sourceTree = SOURCE_ROOT; };
		2B26860E102D7642001D8112 /* cxtypes.h */ = {isa = PBXFileReference; fileEncoding = 4; lastKnownFileType = sourcecode.c.h; name = cxtypes.h; path = ../../../include/opencv/cxtypes.h; sourceTree = SOURCE_ROOT; };
		2B26860F102D7642001D8112 /* highgui.h */ = {isa = PBXFileReference; fileEncoding = 4; lastKnownFileType = sourcecode.c.h; name = highgui.h; path = ../../../include/opencv/highgui.h; sourceTree = SOURCE_ROOT; };
		2B268610102D7642001D8112 /* ml.h */ = {isa = PBXFileReference; fileEncoding = 4; lastKnownFileType = sourcecode.c.h; name = ml.h; path = ../../../include/opencv/ml.h; sourceTree = SOURCE_ROOT; };
		2B268612102D7642001D8112 /* alias.h */ = {isa = PBXFileReference; fileEncoding = 4; lastKnownFileType = sourcecode.c.h; name = alias.h; path = ../../../include/oscit/alias.h; sourceTree = SOURCE_ROOT; };
		2B268613102D7642001D8112 /* call.h */ = {isa = PBXFileReference; fileEncoding = 4; lastKnownFileType = sourcecode.c.h; name = call.h; path = ../../../include/oscit/call.h; sourceTree = SOURCE_ROOT; };
		2B268614102D7642001D8112 /* command.h */ = {isa = PBXFileReference; fileEncoding = 4; lastKnownFileType = sourcecode.c.h; name = command.h; path = ../../../include/oscit/command.h; sourceTree = SOURCE_ROOT; };
		2B268615102D7642001D8112 /* conf.h */ = {isa = PBXFileReference; fileEncoding = 4; lastKnownFileType = sourcecode.c.h; name = conf.h; path = ../../../include/oscit/conf.h; sourceTree = SOURCE_ROOT; };
		2B268616102D7642001D8112 /* error.h */ = {isa = PBXFileReference; fileEncoding = 4; lastKnownFileType = sourcecode.c.h; name = error.h; path = ../../../include/oscit/error.h; sourceTree = SOURCE_ROOT; };
		2B268617102D7642001D8112 /* error_meta_method.h */ = {isa = PBXFileReference; fileEncoding = 4; lastKnownFileType = sourcecode.c.h; name = error_meta_method.h; path = ../../../include/oscit/error_meta_method.h; sourceTree = SOURCE_ROOT; };
		2B268618102D7642001D8112 /* error_value.h */ = {isa = PBXFileReference; fileEncoding = 4; lastKnownFileType = sourcecode.c.h; name = error_value.h; path = ../../../include/oscit/error_value.h; sourceTree = SOURCE_ROOT; };
		2B268619102D7642001D8112 /* hash.h */ = {isa = PBXFileReference; fileEncoding = 4; lastKnownFileType = sourcecode.c.h; name = hash.h; path = ../../../include/oscit/hash.h; sourceTree = SOURCE_ROOT; };
		2B26861A102D7642001D8112 /* hash_value.h */ = {isa = PBXFileReference; fileEncoding = 4; lastKnownFileType = sourcecode.c.h; name = hash_value.h; path = ../../../include/oscit/hash_value.h; sourceTree = SOURCE_ROOT; };
		2B26861B102D7642001D8112 /* info_meta_method.h */ = {isa = PBXFileReference; fileEncoding = 4; lastKnownFileType = sourcecode.c.h; name = info_meta_method.h; path = ../../../include/oscit/info_meta_method.h; sourceTree = SOURCE_ROOT; };
		2B26861C102D7642001D8112 /* list.h */ = {isa = PBXFileReference; fileEncoding = 4; lastKnownFileType = sourcecode.c.h; name = list.h; path = ../../../include/oscit/list.h; sourceTree = SOURCE_ROOT; };
		2B26861D102D7642001D8112 /* list_meta_method.h */ = {isa = PBXFileReference; fileEncoding = 4; lastKnownFileType = sourcecode.c.h; name = list_meta_method.h; path = ../../../include/oscit/list_meta_method.h; sourceTree = SOURCE_ROOT; };
		2B26861E102D7642001D8112 /* list_value.h */ = {isa = PBXFileReference; fileEncoding = 4; lastKnownFileType = sourcecode.c.h; name = list_value.h; path = ../../../include/oscit/list_value.h; sourceTree = SOURCE_ROOT; };
		2B26861F102D7642001D8112 /* log_object.h */ = {isa = PBXFileReference; fileEncoding = 4; lastKnownFileType = sourcecode.c.h; name = log_object.h; path = ../../../include/oscit/log_object.h; sourceTree = SOURCE_ROOT; };
		2B268620102D7642001D8112 /* mapper.h */ = {isa = PBXFileReference; fileEncoding = 4; lastKnownFileType = sourcecode.c.h; name = mapper.h; path = ../../../include/oscit/mapper.h; sourceTree = SOURCE_ROOT; };
		2B268621102D7642001D8112 /* matrix.h */ = {isa = PBXFileReference; fileEncoding = 4; lastKnownFileType = sourcecode.c.h; name = matrix.h; path = ../../../include/oscit/matrix.h; sourceTree = SOURCE_ROOT; };
		2B268622102D7642001D8112 /* matrix_value.h */ = {isa = PBXFileReference; fileEncoding = 4; lastKnownFileType = sourcecode.c.h; name = matrix_value.h; path = ../../../include/oscit/matrix_value.h; sourceTree = SOURCE_ROOT; };
		2B268623102D7642001D8112 /* method.h */ = {isa = PBXFileReference; fileEncoding = 4; lastKnownFileType = sourcecode.c.h; name = method.h; path = ../../../include/oscit/method.h; sourceTree = SOURCE_ROOT; };
		2B268624102D7642001D8112 /* midi_message.h */ = {isa = PBXFileReference; fileEncoding = 4; lastKnownFileType = sourcecode.c.h; name = midi_message.h; path = ../../../include/oscit/midi_message.h; sourceTree = SOURCE_ROOT; };
		2B268625102D7642001D8112 /* midi_value.h */ = {isa = PBXFileReference; fileEncoding = 4; lastKnownFileType = sourcecode.c.h; name = midi_value.h; path = ../../../include/oscit/midi_value.h; sourceTree = SOURCE_ROOT; };
		2B268626102D7642001D8112 /* mutex.h */ = {isa = PBXFileReference; fileEncoding = 4; lastKnownFileType = sourcecode.c.h; name = mutex.h; path = ../../../include/oscit/mutex.h; sourceTree = SOURCE_ROOT; };
		2B268627102D7642001D8112 /* non_copyable.h */ = {isa = PBXFileReference; fileEncoding = 4; lastKnownFileType = sourcecode.c.h; name = non_copyable.h; path = ../../../include/oscit/non_copyable.h; sourceTree = SOURCE_ROOT; };
		2B268628102D7642001D8112 /* object.h */ = {isa = PBXFileReference; fileEncoding = 4; lastKnownFileType = sourcecode.c.h; name = object.h; path = ../../../include/oscit/object.h; sourceTree = SOURCE_ROOT; };
		2B268629102D7642001D8112 /* osc_command.h */ = {isa = PBXFileReference; fileEncoding = 4; lastKnownFileType = sourcecode.c.h; name = osc_command.h; path = ../../../include/oscit/osc_command.h; sourceTree = SOURCE_ROOT; };
		2B26862A102D7642001D8112 /* osc_map_command.h */ = {isa = PBXFileReference; fileEncoding = 4; lastKnownFileType = sourcecode.c.h; name = osc_map_command.h; path = ../../../include/oscit/osc_map_command.h; sourceTree = SOURCE_ROOT; };
		2B26862B102D7642001D8112 /* osc_remote_object.h */ = {isa = PBXFileReference; fileEncoding = 4; lastKnownFileType = sourcecode.c.h; name = osc_remote_object.h; path = ../../../include/oscit/osc_remote_object.h; sourceTree = SOURCE_ROOT; };
		2B26862C102D7642001D8112 /* oscit.h */ = {isa = PBXFileReference; fileEncoding = 4; lastKnownFileType = sourcecode.c.h; name = oscit.h; path = ../../../include/oscit/oscit.h; sourceTree = SOURCE_ROOT; };
		2B26862D102D7642001D8112 /* real_value.h */ = {isa = PBXFileReference; fileEncoding = 4; lastKnownFileType = sourcecode.c.h; name = real_value.h; path = ../../../include/oscit/real_value.h; sourceTree = SOURCE_ROOT; };
		2B26862E102D7642001D8112 /* reference_counted.h */ = {isa = PBXFileReference; fileEncoding = 4; lastKnownFileType = sourcecode.c.h; name = reference_counted.h; path = ../../../include/oscit/reference_counted.h; sourceTree = SOURCE_ROOT; };
		2B26862F102D7642001D8112 /* root.h */ = {isa = PBXFileReference; fileEncoding = 4; lastKnownFileType = sourcecode.c.h; name = root.h; path = ../../../include/oscit/root.h; sourceTree = SOURCE_ROOT; };
		2B268630102D7642001D8112 /* scale_real.h */ = {isa = PBXFileReference; fileEncoding = 4; lastKnownFileType = sourcecode.c.h; name = scale_real.h; path = ../../../include/oscit/scale_real.h; sourceTree = SOURCE_ROOT; };
		2B268631102D7642001D8112 /* script.h */ = {isa = PBXFileReference; fileEncoding = 4; lastKnownFileType = sourcecode.c.h; name = script.h; path = ../../../include/oscit/script.h; sourceTree = SOURCE_ROOT; };
		2B268632102D7642001D8112 /* string_data.h */ = {isa = PBXFileReference; fileEncoding = 4; lastKnownFileType = sourcecode.c.h; name = string_data.h; path = ../../../include/oscit/string_data.h; sourceTree = SOURCE_ROOT; };
		2B268633102D7642001D8112 /* string_value.h */ = {isa = PBXFileReference; fileEncoding = 4; lastKnownFileType = sourcecode.c.h; name = string_value.h; path = ../../../include/oscit/string_value.h; sourceTree = SOURCE_ROOT; };
		2B268634102D7642001D8112 /* thash.h */ = {isa = PBXFileReference; fileEncoding = 4; lastKnownFileType = sourcecode.c.h; name = thash.h; path = ../../../include/oscit/thash.h; sourceTree = SOURCE_ROOT; };
		2B268635102D7642001D8112 /* thread.h */ = {isa = PBXFileReference; fileEncoding = 4; lastKnownFileType = sourcecode.c.h; name = thread.h; path = ../../../include/oscit/thread.h; sourceTree = SOURCE_ROOT; };
		2B268636102D7642001D8112 /* tree_meta_method.h */ = {isa = PBXFileReference; fileEncoding = 4; lastKnownFileType = sourcecode.c.h; name = tree_meta_method.h; path = ../../../include/oscit/tree_meta_method.h; sourceTree = SOURCE_ROOT; };
		2B268637102D7642001D8112 /* tsmart_ptr.h */ = {isa = PBXFileReference; fileEncoding = 4; lastKnownFileType = sourcecode.c.h; name = tsmart_ptr.h; path = ../../../include/oscit/tsmart_ptr.h; sourceTree = SOURCE_ROOT; };
		2B268638102D7642001D8112 /* type_meta_method.h */ = {isa = PBXFileReference; fileEncoding = 4; lastKnownFileType = sourcecode.c.h; name = type_meta_method.h; path = ../../../include/oscit/type_meta_method.h; sourceTree = SOURCE_ROOT; };
		2B268639102D7642001D8112 /* typed.h */ = {isa = PBXFileReference; fileEncoding = 4; lastKnownFileType = sourcecode.c.h; name = typed.h; path = ../../../include/oscit/typed.h; sourceTree = SOURCE_ROOT; };
		2B26863A102D7642001D8112 /* url.h */ = {isa = PBXFileReference; fileEncoding = 4; lastKnownFileType = sourcecode.c.h; name = url.h; path = ../../../include/oscit/url.h; sourceTree = SOURCE_ROOT; };
		2B26863B102D7642001D8112 /* value.h */ = {isa = PBXFileReference; fileEncoding = 4; lastKnownFileType = sourcecode.c.h; name = value.h; path = ../../../include/oscit/value.h; sourceTree = SOURCE_ROOT; };
		2B26863C102D7642001D8112 /* value_types.h */ = {isa = PBXFileReference; fileEncoding = 4; lastKnownFileType = sourcecode.c.h; name = value_types.h; path = ../../../include/oscit/value_types.h; sourceTree = SOURCE_ROOT; };
		2B26863D102D7642001D8112 /* values.h */ = {isa = PBXFileReference; fileEncoding = 4; lastKnownFileType = sourcecode.c.h; name = values.h; path = ../../../include/oscit/values.h; sourceTree = SOURCE_ROOT; };
		2B268685102D768A001D8112 /* command.cpp */ = {isa = PBXFileReference; fileEncoding = 4; lastKnownFileType = sourcecode.cpp.cpp; name = command.cpp; path = ../../../src/command.cpp; sourceTree = SOURCE_ROOT; };
		2B268686102D768A001D8112 /* list.cpp */ = {isa = PBXFileReference; fileEncoding = 4; lastKnownFileType = sourcecode.cpp.cpp; name = list.cpp; path = ../../../src/list.cpp; sourceTree = SOURCE_ROOT; };
		2B268687102D768A001D8112 /* mapper.cpp */ = {isa = PBXFileReference; fileEncoding = 4; lastKnownFileType = sourcecode.cpp.cpp; name = mapper.cpp; path = ../../../src/mapper.cpp; sourceTree = SOURCE_ROOT; };
		2B268688102D768A001D8112 /* matrix.cpp */ = {isa = PBXFileReference; fileEncoding = 4; lastKnownFileType = sourcecode.cpp.cpp; name = matrix.cpp; path = ../../../src/matrix.cpp; sourceTree = SOURCE_ROOT; };
		2B268689102D768A001D8112 /* midi_message.cpp */ = {isa = PBXFileReference; fileEncoding = 4; lastKnownFileType = sourcecode.cpp.cpp; name = midi_message.cpp; path = ../../../src/midi_message.cpp; sourceTree = SOURCE_ROOT; };
		2B26868A102D768A001D8112 /* object.cpp */ = {isa = PBXFileReference; fileEncoding = 4; lastKnownFileType = sourcecode.cpp.cpp; name = object.cpp; path = ../../../src/object.cpp; sourceTree = SOURCE_ROOT; };
		2B26868B102D768A001D8112 /* osc_command.cpp */ = {isa = PBXFileReference; fileEncoding = 4; lastKnownFileType = sourcecode.cpp.cpp; name = osc_command.cpp; path = ../../../src/osc_command.cpp; sourceTree = SOURCE_ROOT; };
		2B26868C102D768A001D8112 /* osc_map_command.cpp */ = {isa = PBXFileReference; fileEncoding = 4; lastKnownFileType = sourcecode.cpp.cpp; name = osc_map_command.cpp; path = ../../../src/osc_map_command.cpp; sourceTree = SOURCE_ROOT; };
		2B26868D102D768A001D8112 /* root.cpp */ = {isa = PBXFileReference; fileEncoding = 4; lastKnownFileType = sourcecode.cpp.cpp; name = root.cpp; path = ../../../src/root.cpp; sourceTree = SOURCE_ROOT; };
		2B26868E102D768A001D8112 /* script.cpp */ = {isa = PBXFileReference; fileEncoding = 4; lastKnownFileType = sourcecode.cpp.cpp; name = script.cpp; path = ../../../src/script.cpp; sourceTree = SOURCE_ROOT; };
		2B26868F102D768A001D8112 /* thread.cpp */ = {isa = PBXFileReference; fileEncoding = 4; lastKnownFileType = sourcecode.cpp.cpp; name = thread.cpp; path = ../../../src/thread.cpp; sourceTree = SOURCE_ROOT; };
		2B268690102D768A001D8112 /* url.cpp */ = {isa = PBXFileReference; fileEncoding = 4; lastKnownFileType = sourcecode.cpp.cpp; name = url.cpp; path = ../../../src/url.cpp; sourceTree = SOURCE_ROOT; };
		2B268691102D768A001D8112 /* value.cpp */ = {isa = PBXFileReference; fileEncoding = 4; lastKnownFileType = sourcecode.cpp.cpp; name = value.cpp; path = ../../../src/value.cpp; sourceTree = SOURCE_ROOT; };
		2B2686A1102D76BD001D8112 /* zeroconf_registration.cpp */ = {isa = PBXFileReference; fileEncoding = 4; lastKnownFileType = sourcecode.cpp.cpp; name = zeroconf_registration.cpp; path = ../../../src/macosx/zeroconf_registration.cpp; sourceTree = SOURCE_ROOT; };
		2B5BCBC010D7A31B00AB2FBA /* callback_list.cpp */ = {isa = PBXFileReference; fileEncoding = 4; lastKnownFileType = sourcecode.cpp.cpp; name = callback_list.cpp; path = ../../../src/callback_list.cpp; sourceTree = SOURCE_ROOT; };
		2B5BCBC110D7A31B00AB2FBA /* callback.cpp */ = {isa = PBXFileReference; fileEncoding = 4; lastKnownFileType = sourcecode.cpp.cpp; name = callback.cpp; path = ../../../src/callback.cpp; sourceTree = SOURCE_ROOT; };
		2B5BCBC210D7A31B00AB2FBA /* file.cpp */ = {isa = PBXFileReference; fileEncoding = 4; lastKnownFileType = sourcecode.cpp.cpp; name = file.cpp; path = ../../../src/file.cpp; sourceTree = SOURCE_ROOT; };
		2B5BCBC310D7A31B00AB2FBA /* location.cpp */ = {isa = PBXFileReference; fileEncoding = 4; lastKnownFileType = sourcecode.cpp.cpp; name = location.cpp; path = ../../../src/location.cpp; sourceTree = SOURCE_ROOT; };
		2B5BCBC410D7A31B00AB2FBA /* object_proxy.cpp */ = {isa = PBXFileReference; fileEncoding = 4; lastKnownFileType = sourcecode.cpp.cpp; name = object_proxy.cpp; path = ../../../src/object_proxy.cpp; sourceTree = SOURCE_ROOT; };
		2B5BCBC510D7A31B00AB2FBA /* proxy_factory.cpp */ = {isa = PBXFileReference; fileEncoding = 4; lastKnownFileType = sourcecode.cpp.cpp; name = proxy_factory.cpp; path = ../../../src/proxy_factory.cpp; sourceTree = SOURCE_ROOT; };
		2B5BCBC610D7A31B00AB2FBA /* root_proxy.cpp */ = {isa = PBXFileReference; fileEncoding = 4; lastKnownFileType = sourcecode.cpp.cpp; name = root_proxy.cpp; path = ../../../src/root_proxy.cpp; sourceTree = SOURCE_ROOT; };
		2B5BCBC710D7A31B00AB2FBA /* time_ref.cpp */ = {isa = PBXFileReference; fileEncoding = 4; lastKnownFileType = sourcecode.cpp.cpp; name = time_ref.cpp; path = ../../../src/time_ref.cpp; sourceTree = SOURCE_ROOT; };
		2B5BCBC810D7A31B00AB2FBA /* zeroconf_browser_common.cpp */ = {isa = PBXFileReference; fileEncoding = 4; lastKnownFileType = sourcecode.cpp.cpp; name = zeroconf_browser_common.cpp; path = ../../../src/zeroconf_browser_common.cpp; sourceTree = SOURCE_ROOT; };
		2B5BCBDD10D7A33000AB2FBA /* callback_list.h */ = {isa = PBXFileReference; fileEncoding = 4; lastKnownFileType = sourcecode.c.h; path = callback_list.h; sourceTree = "<group>"; };
		2B5BCBDE10D7A33000AB2FBA /* callback_observer.h */ = {isa = PBXFileReference; fileEncoding = 4; lastKnownFileType = sourcecode.c.h; path = callback_observer.h; sourceTree = "<group>"; };
		2B5BCBDF10D7A33000AB2FBA /* callback.h */ = {isa = PBXFileReference; fileEncoding = 4; lastKnownFileType = sourcecode.c.h; path = callback.h; sourceTree = "<group>"; };
		2B5BCBE010D7A33000AB2FBA /* file_method.h */ = {isa = PBXFileReference; fileEncoding = 4; lastKnownFileType = sourcecode.c.h; path = file_method.h; sourceTree = "<group>"; };
		2B5BCBE110D7A33000AB2FBA /* file.h */ = {isa = PBXFileReference; fileEncoding = 4; lastKnownFileType = sourcecode.c.h; path = file.h; sourceTree = "<group>"; };
		2B5BCBE210D7A33000AB2FBA /* list_with_type_meta_method.h */ = {isa = PBXFileReference; fileEncoding = 4; lastKnownFileType = sourcecode.c.h; path = list_with_type_meta_method.h; sourceTree = "<group>"; };
		2B5BCBE310D7A33000AB2FBA /* location.h */ = {isa = PBXFileReference; fileEncoding = 4; lastKnownFileType = sourcecode.c.h; path = location.h; sourceTree = "<group>"; };
		2B5BCBE410D7A33000AB2FBA /* object_proxy.h */ = {isa = PBXFileReference; fileEncoding = 4; lastKnownFileType = sourcecode.c.h; path = object_proxy.h; sourceTree = "<group>"; };
		2B5BCBE510D7A33000AB2FBA /* observable.h */ = {isa = PBXFileReference; fileEncoding = 4; lastKnownFileType = sourcecode.c.h; path = observable.h; sourceTree = "<group>"; };
		2B5BCBE610D7A33000AB2FBA /* observer.h */ = {isa = PBXFileReference; fileEncoding = 4; lastKnownFileType = sourcecode.c.h; path = observer.h; sourceTree = "<group>"; };
		2B5BCBE710D7A33000AB2FBA /* on_destroy_callback.h */ = {isa = PBXFileReference; fileEncoding = 4; lastKnownFileType = sourcecode.c.h; path = on_destroy_callback.h; sourceTree = "<group>"; };
		2B5BCBE810D7A33000AB2FBA /* on_destroy_notifier.h */ = {isa = PBXFileReference; fileEncoding = 4; lastKnownFileType = sourcecode.c.h; path = on_destroy_notifier.h; sourceTree = "<group>"; };
		2B5BCBE910D7A33000AB2FBA /* osc_root_proxy.h */ = {isa = PBXFileReference; fileEncoding = 4; lastKnownFileType = sourcecode.c.h; path = osc_root_proxy.h; sourceTree = "<group>"; };
		2B5BCBEA10D7A33000AB2FBA /* proxy_factory.h */ = {isa = PBXFileReference; fileEncoding = 4; lastKnownFileType = sourcecode.c.h; path = proxy_factory.h; sourceTree = "<group>"; };
		2B5BCBEB10D7A33000AB2FBA /* root_proxy.h */ = {isa = PBXFileReference; fileEncoding = 4; lastKnownFileType = sourcecode.c.h; path = root_proxy.h; sourceTree = "<group>"; };
		2B5BCBEC10D7A33000AB2FBA /* time_ref.h */ = {isa = PBXFileReference; fileEncoding = 4; lastKnownFileType = sourcecode.c.h; path = time_ref.h; sourceTree = "<group>"; };
		2B5BCBED10D7A33000AB2FBA /* tobservable_list.h */ = {isa = PBXFileReference; fileEncoding = 4; lastKnownFileType = sourcecode.c.h; path = tobservable_list.h; sourceTree = "<group>"; };
		2B5BCBEE10D7A33000AB2FBA /* zeroconf_browser.h */ = {isa = PBXFileReference; fileEncoding = 4; lastKnownFileType = sourcecode.c.h; path = zeroconf_browser.h; sourceTree = "<group>"; };
		2B5BCBEF10D7A33000AB2FBA /* zeroconf_registration.h */ = {isa = PBXFileReference; fileEncoding = 4; lastKnownFileType = sourcecode.c.h; path = zeroconf_registration.h; sourceTree = "<group>"; };
		2B5BCC1C10D7A38100AB2FBA /* OscOutboundPacketStream.cpp */ = {isa = PBXFileReference; fileEncoding = 4; lastKnownFileType = sourcecode.cpp.cpp; name = OscOutboundPacketStream.cpp; path = ../../../oscpack/osc/OscOutboundPacketStream.cpp; sourceTree = SOURCE_ROOT; };
		2B5BCC1D10D7A38100AB2FBA /* OscPrintReceivedElements.cpp */ = {isa = PBXFileReference; fileEncoding = 4; lastKnownFileType = sourcecode.cpp.cpp; name = OscPrintReceivedElements.cpp; path = ../../../oscpack/osc/OscPrintReceivedElements.cpp; sourceTree = SOURCE_ROOT; };
		2B5BCC1E10D7A38100AB2FBA /* OscReceivedElements.cpp */ = {isa = PBXFileReference; fileEncoding = 4; lastKnownFileType = sourcecode.cpp.cpp; name = OscReceivedElements.cpp; path = ../../../oscpack/osc/OscReceivedElements.cpp; sourceTree = SOURCE_ROOT; };
		2B5BCC1F10D7A38100AB2FBA /* OscTypes.cpp */ = {isa = PBXFileReference; fileEncoding = 4; lastKnownFileType = sourcecode.cpp.cpp; name = OscTypes.cpp; path = ../../../oscpack/osc/OscTypes.cpp; sourceTree = SOURCE_ROOT; };
		2B5BCC2A10D7A39800AB2FBA /* IpEndpointName.cpp */ = {isa = PBXFileReference; fileEncoding = 4; lastKnownFileType = sourcecode.cpp.cpp; name = IpEndpointName.cpp; path = ../../../oscpack/ip/IpEndpointName.cpp; sourceTree = SOURCE_ROOT; };
		2B5BCC2F10D7A3B000AB2FBA /* NetworkingUtils.cpp */ = {isa = PBXFileReference; fileEncoding = 4; lastKnownFileType = sourcecode.cpp.cpp; name = NetworkingUtils.cpp; path = ../../../oscpack/ip/posix/NetworkingUtils.cpp; sourceTree = SOURCE_ROOT; };
		2B5BCC3010D7A3B000AB2FBA /* UdpSocket.cpp */ = {isa = PBXFileReference; fileEncoding = 4; lastKnownFileType = sourcecode.cpp.cpp; name = UdpSocket.cpp; path = ../../../oscpack/ip/posix/UdpSocket.cpp; sourceTree = SOURCE_ROOT; };
		2B5BCC3910D7A3E100AB2FBA /* MessageMappingOscPacketListener.h */ = {isa = PBXFileReference; fileEncoding = 4; lastKnownFileType = sourcecode.c.h; name = MessageMappingOscPacketListener.h; path = ../../../oscpack/osc/MessageMappingOscPacketListener.h; sourceTree = SOURCE_ROOT; };
		2B5BCC3A10D7A3E100AB2FBA /* OscException.h */ = {isa = PBXFileReference; fileEncoding = 4; lastKnownFileType = sourcecode.c.h; name = OscException.h; path = ../../../oscpack/osc/OscException.h; sourceTree = SOURCE_ROOT; };
		2B5BCC3B10D7A3E100AB2FBA /* OscHostEndianness.h */ = {isa = PBXFileReference; fileEncoding = 4; lastKnownFileType = sourcecode.c.h; name = OscHostEndianness.h; path = ../../../oscpack/osc/OscHostEndianness.h; sourceTree = SOURCE_ROOT; };
		2B5BCC3C10D7A3E100AB2FBA /* OscOutboundPacketStream.h */ = {isa = PBXFileReference; fileEncoding = 4; lastKnownFileType = sourcecode.c.h; name = OscOutboundPacketStream.h; path = ../../../oscpack/osc/OscOutboundPacketStream.h; sourceTree = SOURCE_ROOT; };
		2B5BCC3D10D7A3E100AB2FBA /* OscPacketListener.h */ = {isa = PBXFileReference; fileEncoding = 4; lastKnownFileType = sourcecode.c.h; name = OscPacketListener.h; path = ../../../oscpack/osc/OscPacketListener.h; sourceTree = SOURCE_ROOT; };
		2B5BCC3E10D7A3E100AB2FBA /* OscPrintReceivedElements.h */ = {isa = PBXFileReference; fileEncoding = 4; lastKnownFileType = sourcecode.c.h; name = OscPrintReceivedElements.h; path = ../../../oscpack/osc/OscPrintReceivedElements.h; sourceTree = SOURCE_ROOT; };
		2B5BCC3F10D7A3E100AB2FBA /* OscReceivedElements.h */ = {isa = PBXFileReference; fileEncoding = 4; lastKnownFileType = sourcecode.c.h; name = OscReceivedElements.h; path = ../../../oscpack/osc/OscReceivedElements.h; sourceTree = SOURCE_ROOT; };
		2B5BCC4010D7A3E100AB2FBA /* OscTypes.h */ = {isa = PBXFileReference; fileEncoding = 4; lastKnownFileType = sourcecode.c.h; name = OscTypes.h; path = ../../../oscpack/osc/OscTypes.h; sourceTree = SOURCE_ROOT; };
		2B5BCC5310D7A40300AB2FBA /* IpEndpointName.h */ = {isa = PBXFileReference; fileEncoding = 4; lastKnownFileType = sourcecode.c.h; name = IpEndpointName.h; path = ../../../oscpack/ip/IpEndpointName.h; sourceTree = SOURCE_ROOT; };
		2B5BCC5410D7A40300AB2FBA /* NetworkingUtils.h */ = {isa = PBXFileReference; fileEncoding = 4; lastKnownFileType = sourcecode.c.h; name = NetworkingUtils.h; path = ../../../oscpack/ip/NetworkingUtils.h; sourceTree = SOURCE_ROOT; };
		2B5BCC5510D7A40300AB2FBA /* PacketListener.h */ = {isa = PBXFileReference; fileEncoding = 4; lastKnownFileType = sourcecode.c.h; name = PacketListener.h; path = ../../../oscpack/ip/PacketListener.h; sourceTree = SOURCE_ROOT; };
		2B5BCC5610D7A40300AB2FBA /* TimerListener.h */ = {isa = PBXFileReference; fileEncoding = 4; lastKnownFileType = sourcecode.c.h; name = TimerListener.h; path = ../../../oscpack/ip/TimerListener.h; sourceTree = SOURCE_ROOT; };
		2B5BCC5710D7A40300AB2FBA /* UdpSocket.h */ = {isa = PBXFileReference; fileEncoding = 4; lastKnownFileType = sourcecode.c.h; name = UdpSocket.h; path = ../../../oscpack/ip/UdpSocket.h; sourceTree = SOURCE_ROOT; };
		2B5D846410D8AB5800B4CC3F /* location.cpp */ = {isa = PBXFileReference; fileEncoding = 4; lastKnownFileType = sourcecode.cpp.cpp; name = location.cpp; path = ../../../src/macosx/location.cpp; sourceTree = SOURCE_ROOT; };
		2BE4B2D2102ECC23008D730E /* liboscit_sim.a */ = {isa = PBXFileReference; explicitFileType = archive.ar; includeInIndex = 0; path = liboscit_sim.a; sourceTree = BUILT_PRODUCTS_DIR; };
		2BE4B35C102ED635008D730E /* zeroconf_browser.mm */ = {isa = PBXFileReference; fileEncoding = 4; lastKnownFileType = sourcecode.cpp.objcpp; name = zeroconf_browser.mm; path = ../../../src/iphone/zeroconf_browser.mm; sourceTree = SOURCE_ROOT; };
		AA747D9E0F9514B9006C5449 /* oscit_Prefix.pch */ = {isa = PBXFileReference; fileEncoding = 4; lastKnownFileType = sourcecode.c.h; path = oscit_Prefix.pch; sourceTree = SOURCE_ROOT; };
		AACBBE490F95108600F1A2B1 /* Foundation.framework */ = {isa = PBXFileReference; lastKnownFileType = wrapper.framework; name = Foundation.framework; path = System/Library/Frameworks/Foundation.framework; sourceTree = SDKROOT; };
		D2AAC07E0554694100DB518D /* liboscit.a */ = {isa = PBXFileReference; explicitFileType = archive.ar; includeInIndex = 0; path = liboscit.a; sourceTree = BUILT_PRODUCTS_DIR; };
/* End PBXFileReference section */

/* Begin PBXFrameworksBuildPhase section */
		2BE4B2D0102ECC23008D730E /* Frameworks */ = {
			isa = PBXFrameworksBuildPhase;
			buildActionMask = 2147483647;
			files = (
			);
			runOnlyForDeploymentPostprocessing = 0;
		};
		D2AAC07C0554694100DB518D /* Frameworks */ = {
			isa = PBXFrameworksBuildPhase;
			buildActionMask = 2147483647;
			files = (
				AACBBE4A0F95108600F1A2B1 /* Foundation.framework in Frameworks */,
			);
			runOnlyForDeploymentPostprocessing = 0;
		};
/* End PBXFrameworksBuildPhase section */

/* Begin PBXGroup section */
		034768DFFF38A50411DB9C8B /* Products */ = {
			isa = PBXGroup;
			children = (
				2BE4B2CD102ECBD3008D730E /* Device */,
				2BE4B2CC102ECBC9008D730E /* Simulator */,
			);
			name = Products;
			sourceTree = "<group>";
		};
		0867D691FE84028FC02AAC07 /* oscit */ = {
			isa = PBXGroup;
			children = (
				08FB77AEFE84172EC02AAC07 /* oscit */,
				32C88DFF0371C24200C91783 /* Other Sources */,
				0867D69AFE84028FC02AAC07 /* Frameworks */,
				034768DFFF38A50411DB9C8B /* Products */,
			);
			name = oscit;
			sourceTree = "<group>";
		};
		0867D69AFE84028FC02AAC07 /* Frameworks */ = {
			isa = PBXGroup;
			children = (
				AACBBE490F95108600F1A2B1 /* Foundation.framework */,
			);
			name = Frameworks;
			sourceTree = "<group>";
		};
		08FB77AEFE84172EC02AAC07 /* oscit */ = {
			isa = PBXGroup;
			children = (
				2B5BCC1910D7A35000AB2FBA /* oscpack */,
				2B26869F102D7699001D8112 /* src */,
				2B2685F8102D7642001D8112 /* include */,
			);
			name = oscit;
			sourceTree = "<group>";
		};
		2B2685F8102D7642001D8112 /* include */ = {
			isa = PBXGroup;
			children = (
				2B2685F9102D7642001D8112 /* opencv */,
				2B268611102D7642001D8112 /* oscit */,
			);
			name = include;
			path = ../../../include;
			sourceTree = SOURCE_ROOT;
		};
		2B2685F9102D7642001D8112 /* opencv */ = {
			isa = PBXGroup;
			children = (
				2B2685FA102D7642001D8112 /* _cxcore.h */,
				2B2685FB102D7642001D8112 /* COPYING */,
				2B2685FC102D7642001D8112 /* cv.h */,
				2B2685FD102D7642001D8112 /* cv.hpp */,
				2B2685FE102D7642001D8112 /* cvaux.h */,
				2B2685FF102D7642001D8112 /* cvaux.hpp */,
				2B268600102D7642001D8112 /* cvcompat.h */,
				2B268601102D7642001D8112 /* cvmat.hpp */,
				2B268602102D7642001D8112 /* cvstreams.h */,
				2B268603102D7642001D8112 /* cvtypes.h */,
				2B268604102D7642001D8112 /* cvver.h */,
				2B268605102D7642001D8112 /* cvvidsurv.hpp */,
				2B268606102D7642001D8112 /* cvwimage.h */,
				2B268607102D7642001D8112 /* cxalloc.cpp */,
				2B268608102D7642001D8112 /* cxcore.h */,
				2B268609102D7642001D8112 /* cxcore.hpp */,
				2B26860A102D7642001D8112 /* cxerror.h */,
				2B26860B102D7642001D8112 /* cxmisc.h */,
				2B26860C102D7642001D8112 /* cxoperations.hpp */,
				2B26860D102D7642001D8112 /* cxsystem.cpp */,
				2B26860E102D7642001D8112 /* cxtypes.h */,
				2B26860F102D7642001D8112 /* highgui.h */,
				2B268610102D7642001D8112 /* ml.h */,
			);
			name = opencv;
			path = ../../../include/opencv;
			sourceTree = SOURCE_ROOT;
		};
		2B268611102D7642001D8112 /* oscit */ = {
			isa = PBXGroup;
			children = (
				2B5BCBDD10D7A33000AB2FBA /* callback_list.h */,
				2B5BCBDE10D7A33000AB2FBA /* callback_observer.h */,
				2B5BCBDF10D7A33000AB2FBA /* callback.h */,
				2B5BCBE010D7A33000AB2FBA /* file_method.h */,
				2B5BCBE110D7A33000AB2FBA /* file.h */,
				2B5BCBE210D7A33000AB2FBA /* list_with_type_meta_method.h */,
				2B5BCBE310D7A33000AB2FBA /* location.h */,
				2B5BCBE410D7A33000AB2FBA /* object_proxy.h */,
				2B5BCBE510D7A33000AB2FBA /* observable.h */,
				2B5BCBE610D7A33000AB2FBA /* observer.h */,
				2B5BCBE710D7A33000AB2FBA /* on_destroy_callback.h */,
				2B5BCBE810D7A33000AB2FBA /* on_destroy_notifier.h */,
				2B5BCBE910D7A33000AB2FBA /* osc_root_proxy.h */,
				2B5BCBEA10D7A33000AB2FBA /* proxy_factory.h */,
				2B5BCBEB10D7A33000AB2FBA /* root_proxy.h */,
				2B5BCBEC10D7A33000AB2FBA /* time_ref.h */,
				2B5BCBED10D7A33000AB2FBA /* tobservable_list.h */,
				2B5BCBEE10D7A33000AB2FBA /* zeroconf_browser.h */,
				2B5BCBEF10D7A33000AB2FBA /* zeroconf_registration.h */,
				2B268612102D7642001D8112 /* alias.h */,
				2B268613102D7642001D8112 /* call.h */,
				2B268614102D7642001D8112 /* command.h */,
				2B268615102D7642001D8112 /* conf.h */,
				2B268616102D7642001D8112 /* error.h */,
				2B268617102D7642001D8112 /* error_meta_method.h */,
				2B268618102D7642001D8112 /* error_value.h */,
				2B268619102D7642001D8112 /* hash.h */,
				2B26861A102D7642001D8112 /* hash_value.h */,
				2B26861B102D7642001D8112 /* info_meta_method.h */,
				2B26861C102D7642001D8112 /* list.h */,
				2B26861D102D7642001D8112 /* list_meta_method.h */,
				2B26861E102D7642001D8112 /* list_value.h */,
				2B26861F102D7642001D8112 /* log_object.h */,
				2B268620102D7642001D8112 /* mapper.h */,
				2B268621102D7642001D8112 /* matrix.h */,
				2B268622102D7642001D8112 /* matrix_value.h */,
				2B268623102D7642001D8112 /* method.h */,
				2B268624102D7642001D8112 /* midi_message.h */,
				2B268625102D7642001D8112 /* midi_value.h */,
				2B268626102D7642001D8112 /* mutex.h */,
				2B268627102D7642001D8112 /* non_copyable.h */,
				2B268628102D7642001D8112 /* object.h */,
				2B268629102D7642001D8112 /* osc_command.h */,
				2B26862A102D7642001D8112 /* osc_map_command.h */,
				2B26862B102D7642001D8112 /* osc_remote_object.h */,
				2B26862C102D7642001D8112 /* oscit.h */,
				2B26862D102D7642001D8112 /* real_value.h */,
				2B26862E102D7642001D8112 /* reference_counted.h */,
				2B26862F102D7642001D8112 /* root.h */,
				2B268630102D7642001D8112 /* scale_real.h */,
				2B268631102D7642001D8112 /* script.h */,
				2B268632102D7642001D8112 /* string_data.h */,
				2B268633102D7642001D8112 /* string_value.h */,
				2B268634102D7642001D8112 /* thash.h */,
				2B268635102D7642001D8112 /* thread.h */,
				2B268636102D7642001D8112 /* tree_meta_method.h */,
				2B268637102D7642001D8112 /* tsmart_ptr.h */,
				2B268638102D7642001D8112 /* type_meta_method.h */,
				2B268639102D7642001D8112 /* typed.h */,
				2B26863A102D7642001D8112 /* url.h */,
				2B26863B102D7642001D8112 /* value.h */,
				2B26863C102D7642001D8112 /* value_types.h */,
				2B26863D102D7642001D8112 /* values.h */,
			);
			name = oscit;
			path = ../../../include/oscit;
			sourceTree = SOURCE_ROOT;
		};
		2B26869F102D7699001D8112 /* src */ = {
			isa = PBXGroup;
			children = (
				2B5D846410D8AB5800B4CC3F /* location.cpp */,
				2B5BCBC010D7A31B00AB2FBA /* callback_list.cpp */,
				2B5BCBC110D7A31B00AB2FBA /* callback.cpp */,
				2B5BCBC210D7A31B00AB2FBA /* file.cpp */,
				2B5BCBC310D7A31B00AB2FBA /* location.cpp */,
				2B5BCBC410D7A31B00AB2FBA /* object_proxy.cpp */,
				2B5BCBC510D7A31B00AB2FBA /* proxy_factory.cpp */,
				2B5BCBC610D7A31B00AB2FBA /* root_proxy.cpp */,
				2B5BCBC710D7A31B00AB2FBA /* time_ref.cpp */,
				2B5BCBC810D7A31B00AB2FBA /* zeroconf_browser_common.cpp */,
				2BE4B35C102ED635008D730E /* zeroconf_browser.mm */,
				2B2686A1102D76BD001D8112 /* zeroconf_registration.cpp */,
				2B268685102D768A001D8112 /* command.cpp */,
				2B268686102D768A001D8112 /* list.cpp */,
				2B268687102D768A001D8112 /* mapper.cpp */,
				2B268688102D768A001D8112 /* matrix.cpp */,
				2B268689102D768A001D8112 /* midi_message.cpp */,
				2B26868A102D768A001D8112 /* object.cpp */,
				2B26868B102D768A001D8112 /* osc_command.cpp */,
				2B26868C102D768A001D8112 /* osc_map_command.cpp */,
				2B26868D102D768A001D8112 /* root.cpp */,
				2B26868E102D768A001D8112 /* script.cpp */,
				2B26868F102D768A001D8112 /* thread.cpp */,
				2B268690102D768A001D8112 /* url.cpp */,
				2B268691102D768A001D8112 /* value.cpp */,
			);
			name = src;
			sourceTree = "<group>";
		};
		2B5BCC1910D7A35000AB2FBA /* oscpack */ = {
			isa = PBXGroup;
			children = (
				2B5BCC3610D7A3BD00AB2FBA /* osc */,
				2B5BCC3510D7A3B500AB2FBA /* ip */,
			);
			name = oscpack;
			sourceTree = "<group>";
		};
		2B5BCC3510D7A3B500AB2FBA /* ip */ = {
			isa = PBXGroup;
			children = (
				2B5BCC5310D7A40300AB2FBA /* IpEndpointName.h */,
				2B5BCC5410D7A40300AB2FBA /* NetworkingUtils.h */,
				2B5BCC5510D7A40300AB2FBA /* PacketListener.h */,
				2B5BCC5610D7A40300AB2FBA /* TimerListener.h */,
				2B5BCC5710D7A40300AB2FBA /* UdpSocket.h */,
				2B5BCC3010D7A3B000AB2FBA /* UdpSocket.cpp */,
				2B5BCC2F10D7A3B000AB2FBA /* NetworkingUtils.cpp */,
				2B5BCC2A10D7A39800AB2FBA /* IpEndpointName.cpp */,
			);
			name = ip;
			sourceTree = "<group>";
		};
		2B5BCC3610D7A3BD00AB2FBA /* osc */ = {
			isa = PBXGroup;
			children = (
				2B5BCC3910D7A3E100AB2FBA /* MessageMappingOscPacketListener.h */,
				2B5BCC3A10D7A3E100AB2FBA /* OscException.h */,
				2B5BCC3B10D7A3E100AB2FBA /* OscHostEndianness.h */,
				2B5BCC3C10D7A3E100AB2FBA /* OscOutboundPacketStream.h */,
				2B5BCC3D10D7A3E100AB2FBA /* OscPacketListener.h */,
				2B5BCC1C10D7A38100AB2FBA /* OscOutboundPacketStream.cpp */,
				2B5BCC3E10D7A3E100AB2FBA /* OscPrintReceivedElements.h */,
				2B5BCC1F10D7A38100AB2FBA /* OscTypes.cpp */,
				2B5BCC1D10D7A38100AB2FBA /* OscPrintReceivedElements.cpp */,
				2B5BCC1E10D7A38100AB2FBA /* OscReceivedElements.cpp */,
				2B5BCC3F10D7A3E100AB2FBA /* OscReceivedElements.h */,
				2B5BCC4010D7A3E100AB2FBA /* OscTypes.h */,
			);
			name = osc;
			sourceTree = "<group>";
		};
		2BE4B2CC102ECBC9008D730E /* Simulator */ = {
			isa = PBXGroup;
			children = (
				2BE4B2D2102ECC23008D730E /* liboscit_sim.a */,
			);
			name = Simulator;
			sourceTree = "<group>";
		};
		2BE4B2CD102ECBD3008D730E /* Device */ = {
			isa = PBXGroup;
			children = (
				D2AAC07E0554694100DB518D /* liboscit.a */,
			);
			name = Device;
			sourceTree = "<group>";
		};
		32C88DFF0371C24200C91783 /* Other Sources */ = {
			isa = PBXGroup;
			children = (
				AA747D9E0F9514B9006C5449 /* oscit_Prefix.pch */,
			);
			name = "Other Sources";
			sourceTree = "<group>";
		};
/* End PBXGroup section */

/* Begin PBXHeadersBuildPhase section */
		2BE4B2CE102ECC23008D730E /* Headers */ = {
			isa = PBXHeadersBuildPhase;
			buildActionMask = 2147483647;
			files = (
				2BE4B2EB102ECCAF008D730E /* oscit_Prefix.pch in Headers */,
				2BE4B2EC102ECCAF008D730E /* _cxcore.h in Headers */,
				2BE4B2ED102ECCAF008D730E /* cv.h in Headers */,
				2BE4B2EE102ECCAF008D730E /* cv.hpp in Headers */,
				2BE4B2EF102ECCAF008D730E /* cvaux.h in Headers */,
				2BE4B2F0102ECCAF008D730E /* cvaux.hpp in Headers */,
				2BE4B2F1102ECCAF008D730E /* cvcompat.h in Headers */,
				2BE4B2F2102ECCAF008D730E /* cvmat.hpp in Headers */,
				2BE4B2F3102ECCAF008D730E /* cvstreams.h in Headers */,
				2BE4B2F4102ECCAF008D730E /* cvtypes.h in Headers */,
				2BE4B2F5102ECCAF008D730E /* cvver.h in Headers */,
				2BE4B2F6102ECCAF008D730E /* cvvidsurv.hpp in Headers */,
				2BE4B2F7102ECCAF008D730E /* cvwimage.h in Headers */,
				2BE4B2F8102ECCAF008D730E /* cxcore.h in Headers */,
				2BE4B2F9102ECCAF008D730E /* cxcore.hpp in Headers */,
				2BE4B2FA102ECCAF008D730E /* cxerror.h in Headers */,
				2BE4B2FB102ECCAF008D730E /* cxmisc.h in Headers */,
				2BE4B2FC102ECCAF008D730E /* cxoperations.hpp in Headers */,
				2BE4B2FD102ECCAF008D730E /* cxtypes.h in Headers */,
				2BE4B2FE102ECCAF008D730E /* highgui.h in Headers */,
				2BE4B2FF102ECCAF008D730E /* ml.h in Headers */,
				2BE4B300102ECCAF008D730E /* alias.h in Headers */,
				2BE4B301102ECCAF008D730E /* call.h in Headers */,
				2BE4B302102ECCAF008D730E /* command.h in Headers */,
				2BE4B303102ECCAF008D730E /* conf.h in Headers */,
				2BE4B304102ECCAF008D730E /* error.h in Headers */,
				2BE4B305102ECCAF008D730E /* error_meta_method.h in Headers */,
				2BE4B306102ECCAF008D730E /* error_value.h in Headers */,
				2BE4B307102ECCAF008D730E /* hash.h in Headers */,
				2BE4B308102ECCAF008D730E /* hash_value.h in Headers */,
				2BE4B309102ECCAF008D730E /* info_meta_method.h in Headers */,
				2BE4B30A102ECCAF008D730E /* list.h in Headers */,
				2BE4B30B102ECCAF008D730E /* list_meta_method.h in Headers */,
				2BE4B30C102ECCAF008D730E /* list_value.h in Headers */,
				2BE4B30D102ECCAF008D730E /* log_object.h in Headers */,
				2BE4B30E102ECCAF008D730E /* mapper.h in Headers */,
				2BE4B30F102ECCAF008D730E /* matrix.h in Headers */,
				2BE4B310102ECCAF008D730E /* matrix_value.h in Headers */,
				2BE4B311102ECCAF008D730E /* method.h in Headers */,
				2BE4B312102ECCAF008D730E /* midi_message.h in Headers */,
				2BE4B313102ECCAF008D730E /* midi_value.h in Headers */,
				2BE4B314102ECCAF008D730E /* mutex.h in Headers */,
				2BE4B315102ECCAF008D730E /* non_copyable.h in Headers */,
				2BE4B316102ECCAF008D730E /* object.h in Headers */,
				2BE4B317102ECCAF008D730E /* osc_command.h in Headers */,
				2BE4B318102ECCAF008D730E /* osc_map_command.h in Headers */,
				2BE4B319102ECCAF008D730E /* osc_remote_object.h in Headers */,
				2BE4B31A102ECCAF008D730E /* oscit.h in Headers */,
				2BE4B31B102ECCAF008D730E /* real_value.h in Headers */,
				2BE4B31C102ECCAF008D730E /* reference_counted.h in Headers */,
				2BE4B31D102ECCAF008D730E /* root.h in Headers */,
				2BE4B31E102ECCAF008D730E /* scale_real.h in Headers */,
				2BE4B31F102ECCAF008D730E /* script.h in Headers */,
				2BE4B320102ECCAF008D730E /* string_data.h in Headers */,
				2BE4B321102ECCAF008D730E /* string_value.h in Headers */,
				2BE4B322102ECCAF008D730E /* thash.h in Headers */,
				2BE4B323102ECCAF008D730E /* thread.h in Headers */,
				2BE4B324102ECCAF008D730E /* tree_meta_method.h in Headers */,
				2BE4B325102ECCAF008D730E /* tsmart_ptr.h in Headers */,
				2BE4B326102ECCAF008D730E /* type_meta_method.h in Headers */,
				2BE4B327102ECCAF008D730E /* typed.h in Headers */,
				2BE4B328102ECCAF008D730E /* url.h in Headers */,
				2BE4B329102ECCAF008D730E /* value.h in Headers */,
				2BE4B32A102ECCAF008D730E /* value_types.h in Headers */,
				2BE4B32B102ECCAF008D730E /* values.h in Headers */,
				2B5BCC0310D7A33000AB2FBA /* callback_list.h in Headers */,
				2B5BCC0410D7A33000AB2FBA /* callback_observer.h in Headers */,
				2B5BCC0510D7A33000AB2FBA /* callback.h in Headers */,
				2B5BCC0610D7A33000AB2FBA /* file_method.h in Headers */,
				2B5BCC0710D7A33000AB2FBA /* file.h in Headers */,
				2B5BCC0810D7A33000AB2FBA /* list_with_type_meta_method.h in Headers */,
				2B5BCC0910D7A33000AB2FBA /* location.h in Headers */,
				2B5BCC0A10D7A33000AB2FBA /* object_proxy.h in Headers */,
				2B5BCC0B10D7A33000AB2FBA /* observable.h in Headers */,
				2B5BCC0C10D7A33000AB2FBA /* observer.h in Headers */,
				2B5BCC0D10D7A33000AB2FBA /* on_destroy_callback.h in Headers */,
				2B5BCC0E10D7A33000AB2FBA /* on_destroy_notifier.h in Headers */,
				2B5BCC0F10D7A33000AB2FBA /* osc_root_proxy.h in Headers */,
				2B5BCC1010D7A33000AB2FBA /* proxy_factory.h in Headers */,
				2B5BCC1110D7A33000AB2FBA /* root_proxy.h in Headers */,
				2B5BCC1210D7A33000AB2FBA /* time_ref.h in Headers */,
				2B5BCC1310D7A33000AB2FBA /* tobservable_list.h in Headers */,
				2B5BCC1410D7A33000AB2FBA /* zeroconf_browser.h in Headers */,
				2B5BCC1510D7A33000AB2FBA /* zeroconf_registration.h in Headers */,
				2B5BCC4910D7A3E100AB2FBA /* MessageMappingOscPacketListener.h in Headers */,
				2B5BCC4A10D7A3E100AB2FBA /* OscException.h in Headers */,
				2B5BCC4B10D7A3E100AB2FBA /* OscHostEndianness.h in Headers */,
				2B5BCC4C10D7A3E100AB2FBA /* OscOutboundPacketStream.h in Headers */,
				2B5BCC4D10D7A3E100AB2FBA /* OscPacketListener.h in Headers */,
				2B5BCC4E10D7A3E100AB2FBA /* OscPrintReceivedElements.h in Headers */,
				2B5BCC4F10D7A3E100AB2FBA /* OscReceivedElements.h in Headers */,
				2B5BCC5010D7A3E100AB2FBA /* OscTypes.h in Headers */,
				2B5BCC5D10D7A40300AB2FBA /* IpEndpointName.h in Headers */,
				2B5BCC5E10D7A40300AB2FBA /* NetworkingUtils.h in Headers */,
				2B5BCC5F10D7A40300AB2FBA /* PacketListener.h in Headers */,
				2B5BCC6010D7A40300AB2FBA /* TimerListener.h in Headers */,
				2B5BCC6110D7A40300AB2FBA /* UdpSocket.h in Headers */,
			);
			runOnlyForDeploymentPostprocessing = 0;
		};
		D2AAC07A0554694100DB518D /* Headers */ = {
			isa = PBXHeadersBuildPhase;
			buildActionMask = 2147483647;
			files = (
				AA747D9F0F9514B9006C5449 /* oscit_Prefix.pch in Headers */,
				2B26863F102D7642001D8112 /* _cxcore.h in Headers */,
				2B268640102D7642001D8112 /* cv.h in Headers */,
				2B268641102D7642001D8112 /* cv.hpp in Headers */,
				2B268642102D7642001D8112 /* cvaux.h in Headers */,
				2B268643102D7642001D8112 /* cvaux.hpp in Headers */,
				2B268644102D7642001D8112 /* cvcompat.h in Headers */,
				2B268645102D7642001D8112 /* cvmat.hpp in Headers */,
				2B268646102D7642001D8112 /* cvstreams.h in Headers */,
				2B268647102D7642001D8112 /* cvtypes.h in Headers */,
				2B268648102D7642001D8112 /* cvver.h in Headers */,
				2B268649102D7642001D8112 /* cvvidsurv.hpp in Headers */,
				2B26864A102D7642001D8112 /* cvwimage.h in Headers */,
				2B26864C102D7642001D8112 /* cxcore.h in Headers */,
				2B26864D102D7642001D8112 /* cxcore.hpp in Headers */,
				2B26864E102D7642001D8112 /* cxerror.h in Headers */,
				2B26864F102D7642001D8112 /* cxmisc.h in Headers */,
				2B268650102D7642001D8112 /* cxoperations.hpp in Headers */,
				2B268652102D7642001D8112 /* cxtypes.h in Headers */,
				2B268653102D7642001D8112 /* highgui.h in Headers */,
				2B268654102D7642001D8112 /* ml.h in Headers */,
				2B268655102D7642001D8112 /* alias.h in Headers */,
				2B268656102D7642001D8112 /* call.h in Headers */,
				2B268657102D7642001D8112 /* command.h in Headers */,
				2B268658102D7642001D8112 /* conf.h in Headers */,
				2B268659102D7642001D8112 /* error.h in Headers */,
				2B26865A102D7642001D8112 /* error_meta_method.h in Headers */,
				2B26865B102D7642001D8112 /* error_value.h in Headers */,
				2B26865C102D7642001D8112 /* hash.h in Headers */,
				2B26865D102D7642001D8112 /* hash_value.h in Headers */,
				2B26865E102D7642001D8112 /* info_meta_method.h in Headers */,
				2B26865F102D7642001D8112 /* list.h in Headers */,
				2B268660102D7642001D8112 /* list_meta_method.h in Headers */,
				2B268661102D7642001D8112 /* list_value.h in Headers */,
				2B268662102D7642001D8112 /* log_object.h in Headers */,
				2B268663102D7642001D8112 /* mapper.h in Headers */,
				2B268664102D7642001D8112 /* matrix.h in Headers */,
				2B268665102D7642001D8112 /* matrix_value.h in Headers */,
				2B268666102D7642001D8112 /* method.h in Headers */,
				2B268667102D7642001D8112 /* midi_message.h in Headers */,
				2B268668102D7642001D8112 /* midi_value.h in Headers */,
				2B268669102D7642001D8112 /* mutex.h in Headers */,
				2B26866A102D7642001D8112 /* non_copyable.h in Headers */,
				2B26866B102D7642001D8112 /* object.h in Headers */,
				2B26866C102D7642001D8112 /* osc_command.h in Headers */,
				2B26866D102D7642001D8112 /* osc_map_command.h in Headers */,
				2B26866E102D7642001D8112 /* osc_remote_object.h in Headers */,
				2B26866F102D7642001D8112 /* oscit.h in Headers */,
				2B268670102D7642001D8112 /* real_value.h in Headers */,
				2B268671102D7642001D8112 /* reference_counted.h in Headers */,
				2B268672102D7642001D8112 /* root.h in Headers */,
				2B268673102D7642001D8112 /* scale_real.h in Headers */,
				2B268674102D7642001D8112 /* script.h in Headers */,
				2B268675102D7642001D8112 /* string_data.h in Headers */,
				2B268676102D7642001D8112 /* string_value.h in Headers */,
				2B268677102D7642001D8112 /* thash.h in Headers */,
				2B268678102D7642001D8112 /* thread.h in Headers */,
				2B268679102D7642001D8112 /* tree_meta_method.h in Headers */,
				2B26867A102D7642001D8112 /* tsmart_ptr.h in Headers */,
				2B26867B102D7642001D8112 /* type_meta_method.h in Headers */,
				2B26867C102D7642001D8112 /* typed.h in Headers */,
				2B26867D102D7642001D8112 /* url.h in Headers */,
				2B26867E102D7642001D8112 /* value.h in Headers */,
				2B26867F102D7642001D8112 /* value_types.h in Headers */,
				2B268680102D7642001D8112 /* values.h in Headers */,
				2B5BCBF010D7A33000AB2FBA /* callback_list.h in Headers */,
				2B5BCBF110D7A33000AB2FBA /* callback_observer.h in Headers */,
				2B5BCBF210D7A33000AB2FBA /* callback.h in Headers */,
				2B5BCBF310D7A33000AB2FBA /* file_method.h in Headers */,
				2B5BCBF410D7A33000AB2FBA /* file.h in Headers */,
				2B5BCBF510D7A33000AB2FBA /* list_with_type_meta_method.h in Headers */,
				2B5BCBF610D7A33000AB2FBA /* location.h in Headers */,
				2B5BCBF710D7A33000AB2FBA /* object_proxy.h in Headers */,
				2B5BCBF810D7A33000AB2FBA /* observable.h in Headers */,
				2B5BCBF910D7A33000AB2FBA /* observer.h in Headers */,
				2B5BCBFA10D7A33000AB2FBA /* on_destroy_callback.h in Headers */,
				2B5BCBFB10D7A33000AB2FBA /* on_destroy_notifier.h in Headers */,
				2B5BCBFC10D7A33000AB2FBA /* osc_root_proxy.h in Headers */,
				2B5BCBFD10D7A33000AB2FBA /* proxy_factory.h in Headers */,
				2B5BCBFE10D7A33000AB2FBA /* root_proxy.h in Headers */,
				2B5BCBFF10D7A33000AB2FBA /* time_ref.h in Headers */,
				2B5BCC0010D7A33000AB2FBA /* tobservable_list.h in Headers */,
				2B5BCC0110D7A33000AB2FBA /* zeroconf_browser.h in Headers */,
				2B5BCC0210D7A33000AB2FBA /* zeroconf_registration.h in Headers */,
				2B5BCC4110D7A3E100AB2FBA /* MessageMappingOscPacketListener.h in Headers */,
				2B5BCC4210D7A3E100AB2FBA /* OscException.h in Headers */,
				2B5BCC4310D7A3E100AB2FBA /* OscHostEndianness.h in Headers */,
				2B5BCC4410D7A3E100AB2FBA /* OscOutboundPacketStream.h in Headers */,
				2B5BCC4510D7A3E100AB2FBA /* OscPacketListener.h in Headers */,
				2B5BCC4610D7A3E100AB2FBA /* OscPrintReceivedElements.h in Headers */,
				2B5BCC4710D7A3E100AB2FBA /* OscReceivedElements.h in Headers */,
				2B5BCC4810D7A3E100AB2FBA /* OscTypes.h in Headers */,
				2B5BCC5810D7A40300AB2FBA /* IpEndpointName.h in Headers */,
				2B5BCC5910D7A40300AB2FBA /* NetworkingUtils.h in Headers */,
				2B5BCC5A10D7A40300AB2FBA /* PacketListener.h in Headers */,
				2B5BCC5B10D7A40300AB2FBA /* TimerListener.h in Headers */,
				2B5BCC5C10D7A40300AB2FBA /* UdpSocket.h in Headers */,
			);
			runOnlyForDeploymentPostprocessing = 0;
		};
/* End PBXHeadersBuildPhase section */

/* Begin PBXNativeTarget section */
		2BE4B2D1102ECC23008D730E /* oscit_sim */ = {
			isa = PBXNativeTarget;
			buildConfigurationList = 2BE4B330102ECCCD008D730E /* Build configuration list for PBXNativeTarget "oscit_sim" */;
			buildPhases = (
				2BE4B2CE102ECC23008D730E /* Headers */,
				2BE4B2CF102ECC23008D730E /* Sources */,
				2BE4B2D0102ECC23008D730E /* Frameworks */,
			);
			buildRules = (
			);
			dependencies = (
			);
			name = oscit_sim;
			productName = oscit_sim;
			productReference = 2BE4B2D2102ECC23008D730E /* liboscit_sim.a */;
			productType = "com.apple.product-type.library.static";
		};
		D2AAC07D0554694100DB518D /* oscit */ = {
			isa = PBXNativeTarget;
			buildConfigurationList = 1DEB921E08733DC00010E9CD /* Build configuration list for PBXNativeTarget "oscit" */;
			buildPhases = (
				D2AAC07A0554694100DB518D /* Headers */,
				D2AAC07B0554694100DB518D /* Sources */,
				D2AAC07C0554694100DB518D /* Frameworks */,
			);
			buildRules = (
			);
			dependencies = (
			);
			name = oscit;
			productName = oscit;
			productReference = D2AAC07E0554694100DB518D /* liboscit.a */;
			productType = "com.apple.product-type.library.static";
		};
/* End PBXNativeTarget section */

/* Begin PBXProject section */
		0867D690FE84028FC02AAC07 /* Project object */ = {
			isa = PBXProject;
			buildConfigurationList = 1DEB922208733DC00010E9CD /* Build configuration list for PBXProject "oscit" */;
			compatibilityVersion = "Xcode 3.1";
			hasScannedForEncodings = 1;
			mainGroup = 0867D691FE84028FC02AAC07 /* oscit */;
			productRefGroup = 034768DFFF38A50411DB9C8B /* Products */;
			projectDirPath = "";
			projectRoot = "";
			targets = (
				D2AAC07D0554694100DB518D /* oscit */,
				2BE4B2D1102ECC23008D730E /* oscit_sim */,
			);
		};
/* End PBXProject section */

/* Begin PBXSourcesBuildPhase section */
		2BE4B2CF102ECC23008D730E /* Sources */ = {
			isa = PBXSourcesBuildPhase;
			buildActionMask = 2147483647;
			files = (
				2BE4B2DA102ECC9C008D730E /* cxalloc.cpp in Sources */,
				2BE4B2DB102ECC9C008D730E /* cxsystem.cpp in Sources */,
				2BE4B2DC102ECC9C008D730E /* command.cpp in Sources */,
				2BE4B2DD102ECC9C008D730E /* list.cpp in Sources */,
				2BE4B2DE102ECC9C008D730E /* mapper.cpp in Sources */,
				2BE4B2DF102ECC9C008D730E /* matrix.cpp in Sources */,
				2BE4B2E0102ECC9C008D730E /* midi_message.cpp in Sources */,
				2BE4B2E1102ECC9C008D730E /* object.cpp in Sources */,
				2BE4B2E2102ECC9C008D730E /* osc_command.cpp in Sources */,
				2BE4B2E3102ECC9C008D730E /* osc_map_command.cpp in Sources */,
				2BE4B2E4102ECC9C008D730E /* root.cpp in Sources */,
				2BE4B2E5102ECC9C008D730E /* script.cpp in Sources */,
				2BE4B2E6102ECC9C008D730E /* thread.cpp in Sources */,
				2BE4B2E7102ECC9C008D730E /* url.cpp in Sources */,
				2BE4B2E8102ECC9C008D730E /* value.cpp in Sources */,
				2BE4B2EA102ECC9C008D730E /* zeroconf_registration.cpp in Sources */,
				2BE4B35E102ED635008D730E /* zeroconf_browser.mm in Sources */,
				2B5BCBD210D7A31B00AB2FBA /* callback_list.cpp in Sources */,
				2B5BCBD310D7A31B00AB2FBA /* callback.cpp in Sources */,
				2B5BCBD410D7A31B00AB2FBA /* file.cpp in Sources */,
				2B5BCBD510D7A31B00AB2FBA /* location.cpp in Sources */,
				2B5BCBD610D7A31B00AB2FBA /* object_proxy.cpp in Sources */,
				2B5BCBD710D7A31B00AB2FBA /* proxy_factory.cpp in Sources */,
				2B5BCBD810D7A31B00AB2FBA /* root_proxy.cpp in Sources */,
				2B5BCBD910D7A31B00AB2FBA /* time_ref.cpp in Sources */,
				2B5BCBDA10D7A31B00AB2FBA /* zeroconf_browser_common.cpp in Sources */,
				2B5BCC2410D7A38100AB2FBA /* OscOutboundPacketStream.cpp in Sources */,
				2B5BCC2510D7A38100AB2FBA /* OscPrintReceivedElements.cpp in Sources */,
				2B5BCC2610D7A38100AB2FBA /* OscReceivedElements.cpp in Sources */,
				2B5BCC2710D7A38100AB2FBA /* OscTypes.cpp in Sources */,
				2B5BCC2C10D7A39800AB2FBA /* IpEndpointName.cpp in Sources */,
				2B5BCC3310D7A3B000AB2FBA /* NetworkingUtils.cpp in Sources */,
				2B5BCC3410D7A3B000AB2FBA /* UdpSocket.cpp in Sources */,
				2B5D846610D8AB5800B4CC3F /* location.cpp in Sources */,
			);
			runOnlyForDeploymentPostprocessing = 0;
		};
		D2AAC07B0554694100DB518D /* Sources */ = {
			isa = PBXSourcesBuildPhase;
			buildActionMask = 2147483647;
			files = (
				2B26864B102D7642001D8112 /* cxalloc.cpp in Sources */,
				2B268651102D7642001D8112 /* cxsystem.cpp in Sources */,
				2B268692102D768A001D8112 /* command.cpp in Sources */,
				2B268693102D768A001D8112 /* list.cpp in Sources */,
				2B268694102D768A001D8112 /* mapper.cpp in Sources */,
				2B268695102D768A001D8112 /* matrix.cpp in Sources */,
				2B268696102D768A001D8112 /* midi_message.cpp in Sources */,
				2B268697102D768A001D8112 /* object.cpp in Sources */,
				2B268698102D768A001D8112 /* osc_command.cpp in Sources */,
				2B268699102D768A001D8112 /* osc_map_command.cpp in Sources */,
				2B26869A102D768A001D8112 /* root.cpp in Sources */,
				2B26869B102D768A001D8112 /* script.cpp in Sources */,
				2B26869C102D768A001D8112 /* thread.cpp in Sources */,
				2B26869D102D768A001D8112 /* url.cpp in Sources */,
				2B26869E102D768A001D8112 /* value.cpp in Sources */,
				2B2686A3102D76BD001D8112 /* zeroconf_registration.cpp in Sources */,
				2BE4B35D102ED635008D730E /* zeroconf_browser.mm in Sources */,
				2B5BCBC910D7A31B00AB2FBA /* callback_list.cpp in Sources */,
				2B5BCBCA10D7A31B00AB2FBA /* callback.cpp in Sources */,
				2B5BCBCB10D7A31B00AB2FBA /* file.cpp in Sources */,
				2B5BCBCC10D7A31B00AB2FBA /* location.cpp in Sources */,
				2B5BCBCD10D7A31B00AB2FBA /* object_proxy.cpp in Sources */,
				2B5BCBCE10D7A31B00AB2FBA /* proxy_factory.cpp in Sources */,
				2B5BCBCF10D7A31B00AB2FBA /* root_proxy.cpp in Sources */,
				2B5BCBD010D7A31B00AB2FBA /* time_ref.cpp in Sources */,
				2B5BCBD110D7A31B00AB2FBA /* zeroconf_browser_common.cpp in Sources */,
				2B5BCC2010D7A38100AB2FBA /* OscOutboundPacketStream.cpp in Sources */,
				2B5BCC2110D7A38100AB2FBA /* OscPrintReceivedElements.cpp in Sources */,
				2B5BCC2210D7A38100AB2FBA /* OscReceivedElements.cpp in Sources */,
				2B5BCC2310D7A38100AB2FBA /* OscTypes.cpp in Sources */,
				2B5BCC2B10D7A39800AB2FBA /* IpEndpointName.cpp in Sources */,
				2B5BCC3110D7A3B000AB2FBA /* NetworkingUtils.cpp in Sources */,
				2B5BCC3210D7A3B000AB2FBA /* UdpSocket.cpp in Sources */,
				2B5D846510D8AB5800B4CC3F /* location.cpp in Sources */,
			);
			runOnlyForDeploymentPostprocessing = 0;
		};
/* End PBXSourcesBuildPhase section */

/* Begin XCBuildConfiguration section */
		1DEB921F08733DC00010E9CD /* Debug */ = {
			isa = XCBuildConfiguration;
			buildSettings = {
				ALWAYS_SEARCH_USER_PATHS = NO;
				ARCHS = "$(ARCHS_STANDARD_32_BIT)";
				COPY_PHASE_STRIP = NO;
				DSTROOT = /tmp/oscit.dst;
				GCC_DYNAMIC_NO_PIC = NO;
				GCC_ENABLE_FIX_AND_CONTINUE = YES;
				GCC_MODEL_TUNING = G5;
				GCC_OPTIMIZATION_LEVEL = 0;
				GCC_PRECOMPILE_PREFIX_HEADER = YES;
				GCC_PREFIX_HEADER = oscit_Prefix.pch;
				INSTALL_PATH = /usr/local/lib;
				PRODUCT_NAME = oscit;
			};
			name = Debug;
		};
		1DEB922008733DC00010E9CD /* Release */ = {
			isa = XCBuildConfiguration;
			buildSettings = {
				ALWAYS_SEARCH_USER_PATHS = NO;
				ARCHS = "$(ARCHS_STANDARD_32_BIT)";
				DSTROOT = /tmp/oscit.dst;
				GCC_MODEL_TUNING = G5;
				GCC_PRECOMPILE_PREFIX_HEADER = YES;
				GCC_PREFIX_HEADER = oscit_Prefix.pch;
				INSTALL_PATH = /usr/local/lib;
				PRODUCT_NAME = oscit;
			};
			name = Release;
		};
		1DEB922308733DC00010E9CD /* Debug */ = {
			isa = XCBuildConfiguration;
			buildSettings = {
				ARCHS = "$(ARCHS_STANDARD_32_BIT)";
				GCC_C_LANGUAGE_STANDARD = c99;
				GCC_OPTIMIZATION_LEVEL = 0;
				GCC_PREPROCESSOR_DEFINITIONS = __macosx__;
				GCC_SYMBOLS_PRIVATE_EXTERN = YES;
				GCC_WARN_ABOUT_RETURN_TYPE = YES;
				GCC_WARN_UNUSED_VARIABLE = YES;
				HEADER_SEARCH_PATHS = (
					../../../include,
					../../../oscpack,
				);
				OTHER_LDFLAGS = "-ObjC";
				PREBINDING = NO;
				SDKROOT = iphoneos3.0;
			};
			name = Debug;
		};
		1DEB922408733DC00010E9CD /* Release */ = {
			isa = XCBuildConfiguration;
			buildSettings = {
				ARCHS = "$(ARCHS_STANDARD_32_BIT)";
				GCC_C_LANGUAGE_STANDARD = c99;
				GCC_PREPROCESSOR_DEFINITIONS = __macosx__;
				GCC_SYMBOLS_PRIVATE_EXTERN = YES;
				GCC_WARN_ABOUT_RETURN_TYPE = YES;
				GCC_WARN_UNUSED_VARIABLE = YES;
				HEADER_SEARCH_PATHS = (
					../../../include,
					../../../oscpack,
				);
				OTHER_LDFLAGS = "-ObjC";
				PREBINDING = NO;
				SDKROOT = iphoneos3.0;
			};
			name = Release;
		};
		2BE4B2D3102ECC24008D730E /* Debug */ = {
			isa = XCBuildConfiguration;
			buildSettings = {
				ALWAYS_SEARCH_USER_PATHS = NO;
				COPY_PHASE_STRIP = NO;
				GCC_DYNAMIC_NO_PIC = NO;
				GCC_OPTIMIZATION_LEVEL = 0;
				PREBINDING = NO;
				PRODUCT_NAME = oscit_sim;
				SDKROOT = iphonesimulator3.0;
			};
			name = Debug;
		};
		2BE4B2D4102ECC24008D730E /* Release */ = {
			isa = XCBuildConfiguration;
			buildSettings = {
				ALWAYS_SEARCH_USER_PATHS = NO;
				COPY_PHASE_STRIP = YES;
				DEBUG_INFORMATION_FORMAT = "dwarf-with-dsym";
				GCC_ENABLE_FIX_AND_CONTINUE = NO;
				PREBINDING = NO;
				PRODUCT_NAME = oscit_sim;
				SDKROOT = iphonesimulator3.0;
				ZERO_LINK = NO;
			};
			name = Release;
		};
/* End XCBuildConfiguration section */

/* Begin XCConfigurationList section */
		1DEB921E08733DC00010E9CD /* Build configuration list for PBXNativeTarget "oscit" */ = {
			isa = XCConfigurationList;
			buildConfigurations = (
				1DEB921F08733DC00010E9CD /* Debug */,
				1DEB922008733DC00010E9CD /* Release */,
			);
			defaultConfigurationIsVisible = 0;
			defaultConfigurationName = Release;
		};
		1DEB922208733DC00010E9CD /* Build configuration list for PBXProject "oscit" */ = {
			isa = XCConfigurationList;
			buildConfigurations = (
				1DEB922308733DC00010E9CD /* Debug */,
				1DEB922408733DC00010E9CD /* Release */,
			);
			defaultConfigurationIsVisible = 0;
			defaultConfigurationName = Release;
		};
		2BE4B330102ECCCD008D730E /* Build configuration list for PBXNativeTarget "oscit_sim" */ = {
			isa = XCConfigurationList;
			buildConfigurations = (
				2BE4B2D3102ECC24008D730E /* Debug */,
				2BE4B2D4102ECC24008D730E /* Release */,
			);
			defaultConfigurationIsVisible = 0;
			defaultConfigurationName = Release;
		};
/* End XCConfigurationList section */
	};
	rootObject = 0867D690FE84028FC02AAC07 /* Project object */;
}
